// !$*UTF8*$!
{
	archiveVersion = 1;
	classes = {
	};
	objectVersion = 46;
	objects = {

/* Begin PBXBuildFile section */
		1A3395362978497D9FE69A84 /* libPods-Acceptance Tests.a in Frameworks */ = {isa = PBXBuildFile; fileRef = 89F079A07F76440FAF230298 /* libPods-Acceptance Tests.a */; };
		FB0FD47B19AD6271002AFF9B /* Milestone+Enums.m in Sources */ = {isa = PBXBuildFile; fileRef = FB0FD47A19AD6271002AFF9B /* Milestone+Enums.m */; };
		FB0FD47C19AD6271002AFF9B /* Milestone+Enums.m in Sources */ = {isa = PBXBuildFile; fileRef = FB0FD47A19AD6271002AFF9B /* Milestone+Enums.m */; };
		FB0FD48219AD6432002AFF9B /* Milestone+EmumsTests.m in Sources */ = {isa = PBXBuildFile; fileRef = FB0FD48119AD6432002AFF9B /* Milestone+EmumsTests.m */; };
		FB0FD49019AD6EA1002AFF9B /* iPhone.storyboard in Resources */ = {isa = PBXBuildFile; fileRef = FB0FD48719AD6EA0002AFF9B /* iPhone.storyboard */; };
		FB0FD49119AD6EA1002AFF9B /* iPhone.storyboard in Resources */ = {isa = PBXBuildFile; fileRef = FB0FD48719AD6EA0002AFF9B /* iPhone.storyboard */; };
		FB0FD49C19AD6EB0002AFF9B /* RZUIStyleGuide.m in Sources */ = {isa = PBXBuildFile; fileRef = FB0FD49B19AD6EB0002AFF9B /* RZUIStyleGuide.m */; };
		FB0FD49D19AD6EB0002AFF9B /* RZUIStyleGuide.m in Sources */ = {isa = PBXBuildFile; fileRef = FB0FD49B19AD6EB0002AFF9B /* RZUIStyleGuide.m */; };
		FB1330D119C0D063000D4218 /* XCTest.framework in Frameworks */ = {isa = PBXBuildFile; fileRef = FB933CD019AB9D9100B71A64 /* XCTest.framework */; };
		FB1330D219C0D063000D4218 /* Foundation.framework in Frameworks */ = {isa = PBXBuildFile; fileRef = FB933CB219AB9D9100B71A64 /* Foundation.framework */; };
		FB1330D319C0D063000D4218 /* UIKit.framework in Frameworks */ = {isa = PBXBuildFile; fileRef = FB933CB619AB9D9100B71A64 /* UIKit.framework */; };
		FB1330D919C0D063000D4218 /* InfoPlist.strings in Resources */ = {isa = PBXBuildFile; fileRef = FB1330D719C0D063000D4218 /* InfoPlist.strings */; };
		FB13B27D19AECC38008C2027 /* NSDateFormatter+RZSharedDateFormatters.m in Sources */ = {isa = PBXBuildFile; fileRef = FB13B27C19AECC38008C2027 /* NSDateFormatter+RZSharedDateFormatters.m */; };
		FB13B27E19AECC38008C2027 /* NSDateFormatter+RZSharedDateFormatters.m in Sources */ = {isa = PBXBuildFile; fileRef = FB13B27C19AECC38008C2027 /* NSDateFormatter+RZSharedDateFormatters.m */; };
		FB13B28819AF6B79008C2027 /* UIView+QuartzEffects.m in Sources */ = {isa = PBXBuildFile; fileRef = FB13B28719AF6B79008C2027 /* UIView+QuartzEffects.m */; };
		FB13B28919AF6B79008C2027 /* UIView+QuartzEffects.m in Sources */ = {isa = PBXBuildFile; fileRef = FB13B28719AF6B79008C2027 /* UIView+QuartzEffects.m */; };
		FB13B28B19AF6C22008C2027 /* QuartzCore.framework in Frameworks */ = {isa = PBXBuildFile; fileRef = FB13B28A19AF6C22008C2027 /* QuartzCore.framework */; };
		FB13B28E19AF7089008C2027 /* RZGradientView.m in Sources */ = {isa = PBXBuildFile; fileRef = FB13B28D19AF7089008C2027 /* RZGradientView.m */; };
		FB13B28F19AF7089008C2027 /* RZGradientView.m in Sources */ = {isa = PBXBuildFile; fileRef = FB13B28D19AF7089008C2027 /* RZGradientView.m */; };
		FB40D41419B0D085006C6315 /* UIView+Helpers.m in Sources */ = {isa = PBXBuildFile; fileRef = FB40D41319B0D085006C6315 /* UIView+Helpers.m */; };
		FB40D41519B0D085006C6315 /* UIView+Helpers.m in Sources */ = {isa = PBXBuildFile; fileRef = FB40D41319B0D085006C6315 /* UIView+Helpers.m */; };
		FB40D41D19B4CC19006C6315 /* RZStringsHelper.m in Sources */ = {isa = PBXBuildFile; fileRef = FB40D41C19B4CC19006C6315 /* RZStringsHelper.m */; };
		FB40D41E19B4CC19006C6315 /* RZStringsHelper.m in Sources */ = {isa = PBXBuildFile; fileRef = FB40D41C19B4CC19006C6315 /* RZStringsHelper.m */; };
		FB40D43B19B61584006C6315 /* RZActivityStatusPickerViewController.m in Sources */ = {isa = PBXBuildFile; fileRef = FB40D42A19B61584006C6315 /* RZActivityStatusPickerViewController.m */; };
		FB40D43C19B61584006C6315 /* RZActivityStatusPickerViewController.m in Sources */ = {isa = PBXBuildFile; fileRef = FB40D42A19B61584006C6315 /* RZActivityStatusPickerViewController.m */; };
		FB40D43F19B61584006C6315 /* RZGoalListViewController.m in Sources */ = {isa = PBXBuildFile; fileRef = FB40D42E19B61584006C6315 /* RZGoalListViewController.m */; };
		FB40D44019B61584006C6315 /* RZGoalListViewController.m in Sources */ = {isa = PBXBuildFile; fileRef = FB40D42E19B61584006C6315 /* RZGoalListViewController.m */; };
		FB40D44119B61584006C6315 /* RZMilestoneEditViewController.m in Sources */ = {isa = PBXBuildFile; fileRef = FB40D43019B61584006C6315 /* RZMilestoneEditViewController.m */; };
		FB40D44219B61584006C6315 /* RZMilestoneEditViewController.m in Sources */ = {isa = PBXBuildFile; fileRef = FB40D43019B61584006C6315 /* RZMilestoneEditViewController.m */; };
		FB40D44319B61584006C6315 /* RZMilestoneDetailViewController.m in Sources */ = {isa = PBXBuildFile; fileRef = FB40D43219B61584006C6315 /* RZMilestoneDetailViewController.m */; };
		FB40D44419B61584006C6315 /* RZMilestoneDetailViewController.m in Sources */ = {isa = PBXBuildFile; fileRef = FB40D43219B61584006C6315 /* RZMilestoneDetailViewController.m */; };
		FB40D44519B61584006C6315 /* RZTempViewController.m in Sources */ = {isa = PBXBuildFile; fileRef = FB40D43419B61584006C6315 /* RZTempViewController.m */; };
		FB40D44619B61584006C6315 /* RZTempViewController.m in Sources */ = {isa = PBXBuildFile; fileRef = FB40D43419B61584006C6315 /* RZTempViewController.m */; };
		FB40D44719B61584006C6315 /* RZTesterViewController.m in Sources */ = {isa = PBXBuildFile; fileRef = FB40D43619B61584006C6315 /* RZTesterViewController.m */; };
		FB40D44819B61584006C6315 /* RZTesterViewController.m in Sources */ = {isa = PBXBuildFile; fileRef = FB40D43619B61584006C6315 /* RZTesterViewController.m */; };
		FB40D45119B615B1006C6315 /* RZMilestoneCell.m in Sources */ = {isa = PBXBuildFile; fileRef = FB40D44E19B615B1006C6315 /* RZMilestoneCell.m */; };
		FB40D45219B615B1006C6315 /* RZMilestoneCell.m in Sources */ = {isa = PBXBuildFile; fileRef = FB40D44E19B615B1006C6315 /* RZMilestoneCell.m */; };
		FB40D45319B615B1006C6315 /* RZGoalMilestonesListHeaderView.m in Sources */ = {isa = PBXBuildFile; fileRef = FB40D45019B615B1006C6315 /* RZGoalMilestonesListHeaderView.m */; };
		FB40D45419B615B1006C6315 /* RZGoalMilestonesListHeaderView.m in Sources */ = {isa = PBXBuildFile; fileRef = FB40D45019B615B1006C6315 /* RZGoalMilestonesListHeaderView.m */; };
		FB40D45A19B615E1006C6315 /* RZGoalListViewModel.m in Sources */ = {isa = PBXBuildFile; fileRef = FB40D45719B615E1006C6315 /* RZGoalListViewModel.m */; };
		FB40D45B19B615E1006C6315 /* RZGoalListViewModel.m in Sources */ = {isa = PBXBuildFile; fileRef = FB40D45719B615E1006C6315 /* RZGoalListViewModel.m */; };
		FB40D45C19B615E1006C6315 /* RZMilestoneViewModel.m in Sources */ = {isa = PBXBuildFile; fileRef = FB40D45919B615E1006C6315 /* RZMilestoneViewModel.m */; };
		FB40D45D19B615E1006C6315 /* RZMilestoneViewModel.m in Sources */ = {isa = PBXBuildFile; fileRef = FB40D45919B615E1006C6315 /* RZMilestoneViewModel.m */; };
		FB40D46019B6160B006C6315 /* RZGoalViewModel.m in Sources */ = {isa = PBXBuildFile; fileRef = FB40D45F19B6160B006C6315 /* RZGoalViewModel.m */; };
		FB40D46119B6160B006C6315 /* RZGoalViewModel.m in Sources */ = {isa = PBXBuildFile; fileRef = FB40D45F19B6160B006C6315 /* RZGoalViewModel.m */; };
		FB40D46619B6162C006C6315 /* RZGoalListViewModelTests.m in Sources */ = {isa = PBXBuildFile; fileRef = FB40D46319B6162C006C6315 /* RZGoalListViewModelTests.m */; };
		FB40D46819B6162C006C6315 /* RZNSDateFormatterTests.m in Sources */ = {isa = PBXBuildFile; fileRef = FB40D46419B6162C006C6315 /* RZNSDateFormatterTests.m */; };
		FB40D46A19B61A8F006C6315 /* RZGoalViewModelTests.m in Sources */ = {isa = PBXBuildFile; fileRef = FB40D46919B61A8F006C6315 /* RZGoalViewModelTests.m */; };
		FB40D46B19B624E0006C6315 /* RZGoalDetailViewController.m in Sources */ = {isa = PBXBuildFile; fileRef = FB40D42C19B61584006C6315 /* RZGoalDetailViewController.m */; };
		FB40D46D19B637E4006C6315 /* MilestoneTableCell.xib in Resources */ = {isa = PBXBuildFile; fileRef = FB40D46C19B637E4006C6315 /* MilestoneTableCell.xib */; };
		FB40D46E19B637E4006C6315 /* MilestoneTableCell.xib in Resources */ = {isa = PBXBuildFile; fileRef = FB40D46C19B637E4006C6315 /* MilestoneTableCell.xib */; };
		FB44D7C119B8AAC7009841CA /* RZStatusViewModel.m in Sources */ = {isa = PBXBuildFile; fileRef = FB44D7C019B8AAC7009841CA /* RZStatusViewModel.m */; };
		FB44D7C219B8AAC7009841CA /* RZStatusViewModel.m in Sources */ = {isa = PBXBuildFile; fileRef = FB44D7C019B8AAC7009841CA /* RZStatusViewModel.m */; };
		FB44D7C519BA6281009841CA /* Goal.m in Sources */ = {isa = PBXBuildFile; fileRef = FB44D7C419BA6281009841CA /* Goal.m */; };
		FB44D7C619BA6281009841CA /* Goal.m in Sources */ = {isa = PBXBuildFile; fileRef = FB44D7C419BA6281009841CA /* Goal.m */; };
		FB44D7C919BA6281009841CA /* Milestone.m in Sources */ = {isa = PBXBuildFile; fileRef = FB44D7C819BA6281009841CA /* Milestone.m */; };
		FB44D7CA19BA6281009841CA /* Milestone.m in Sources */ = {isa = PBXBuildFile; fileRef = FB44D7C819BA6281009841CA /* Milestone.m */; };
		FB5BB38319C878720053139A /* RZGoalEditViewController.m in Sources */ = {isa = PBXBuildFile; fileRef = FB5BB38219C878720053139A /* RZGoalEditViewController.m */; };
		FB5BB38419C878720053139A /* RZGoalEditViewController.m in Sources */ = {isa = PBXBuildFile; fileRef = FB5BB38219C878720053139A /* RZGoalEditViewController.m */; };
		FB5BB38519C878720053139A /* RZGoalEditViewController.m in Sources */ = {isa = PBXBuildFile; fileRef = FB5BB38219C878720053139A /* RZGoalEditViewController.m */; };
		FB933CB319AB9D9100B71A64 /* Foundation.framework in Frameworks */ = {isa = PBXBuildFile; fileRef = FB933CB219AB9D9100B71A64 /* Foundation.framework */; };
		FB933CB519AB9D9100B71A64 /* CoreGraphics.framework in Frameworks */ = {isa = PBXBuildFile; fileRef = FB933CB419AB9D9100B71A64 /* CoreGraphics.framework */; };
		FB933CB719AB9D9100B71A64 /* UIKit.framework in Frameworks */ = {isa = PBXBuildFile; fileRef = FB933CB619AB9D9100B71A64 /* UIKit.framework */; };
		FB933CB919AB9D9100B71A64 /* CoreData.framework in Frameworks */ = {isa = PBXBuildFile; fileRef = FB933CB819AB9D9100B71A64 /* CoreData.framework */; };
		FB933CBF19AB9D9100B71A64 /* InfoPlist.strings in Resources */ = {isa = PBXBuildFile; fileRef = FB933CBD19AB9D9100B71A64 /* InfoPlist.strings */; };
		FB933CC119AB9D9100B71A64 /* main.m in Sources */ = {isa = PBXBuildFile; fileRef = FB933CC019AB9D9100B71A64 /* main.m */; };
		FB933CC519AB9D9100B71A64 /* RZAppDelegate.m in Sources */ = {isa = PBXBuildFile; fileRef = FB933CC419AB9D9100B71A64 /* RZAppDelegate.m */; };
		FB933CCA19AB9D9100B71A64 /* Images.xcassets in Resources */ = {isa = PBXBuildFile; fileRef = FB933CC919AB9D9100B71A64 /* Images.xcassets */; };
		FB933CD119AB9D9100B71A64 /* XCTest.framework in Frameworks */ = {isa = PBXBuildFile; fileRef = FB933CD019AB9D9100B71A64 /* XCTest.framework */; };
		FB933CD219AB9D9100B71A64 /* Foundation.framework in Frameworks */ = {isa = PBXBuildFile; fileRef = FB933CB219AB9D9100B71A64 /* Foundation.framework */; };
		FB933CD319AB9D9100B71A64 /* UIKit.framework in Frameworks */ = {isa = PBXBuildFile; fileRef = FB933CB619AB9D9100B71A64 /* UIKit.framework */; };
		FB933CD419AB9D9100B71A64 /* CoreData.framework in Frameworks */ = {isa = PBXBuildFile; fileRef = FB933CB819AB9D9100B71A64 /* CoreData.framework */; };
		FB933CDC19AB9D9100B71A64 /* InfoPlist.strings in Resources */ = {isa = PBXBuildFile; fileRef = FB933CDA19AB9D9100B71A64 /* InfoPlist.strings */; };
		FBD4DDEA19ACD5A700A4686F /* RZCoreDataRepository.m in Sources */ = {isa = PBXBuildFile; fileRef = FBD4DDE919ACD5A700A4686F /* RZCoreDataRepository.m */; };
		FBD4DDEB19ACD5A700A4686F /* RZCoreDataRepository.m in Sources */ = {isa = PBXBuildFile; fileRef = FBD4DDE919ACD5A700A4686F /* RZCoreDataRepository.m */; };
		FBD4DDEE19ACD95400A4686F /* RZTestingRepository.m in Sources */ = {isa = PBXBuildFile; fileRef = FBD4DDED19ACD95400A4686F /* RZTestingRepository.m */; };
		FBD4DDF119ACDF5600A4686F /* RZSeedDataInserter.m in Sources */ = {isa = PBXBuildFile; fileRef = FBD4DDF019ACDF5600A4686F /* RZSeedDataInserter.m */; };
		FBD4DDF219ACDF5600A4686F /* RZSeedDataInserter.m in Sources */ = {isa = PBXBuildFile; fileRef = FBD4DDF019ACDF5600A4686F /* RZSeedDataInserter.m */; };
		FBD4DE0719ACE5B000A4686F /* RZCoreDataRepositoryTests.m in Sources */ = {isa = PBXBuildFile; fileRef = FBD4DE0619ACE5B000A4686F /* RZCoreDataRepositoryTests.m */; };
		FBD4DE1219ACEAD500A4686F /* WhatFor.xcdatamodeld in Sources */ = {isa = PBXBuildFile; fileRef = FBD4DE1019ACEAD500A4686F /* WhatFor.xcdatamodeld */; };
		FBD4DE1319ACEAD500A4686F /* WhatFor.xcdatamodeld in Sources */ = {isa = PBXBuildFile; fileRef = FBD4DE1019ACEAD500A4686F /* WhatFor.xcdatamodeld */; };
		FBD4DE1519ACEB8300A4686F /* RZSeedDataInserterTests.m in Sources */ = {isa = PBXBuildFile; fileRef = FBD4DE1419ACEB8300A4686F /* RZSeedDataInserterTests.m */; };
		FBEC870C19C0D14900189255 /* RZTempViewControllerTests.m in Sources */ = {isa = PBXBuildFile; fileRef = FBEC870B19C0D14900189255 /* RZTempViewControllerTests.m */; };
		FBF03C2D19D203CE004E5D8B /* GoalMilestonesListHeaderView.xib in Resources */ = {isa = PBXBuildFile; fileRef = FBF03C2C19D203CE004E5D8B /* GoalMilestonesListHeaderView.xib */; };
		FBF03C2F19D3BF9D004E5D8B /* RZMilestoneViewModelTests.m in Sources */ = {isa = PBXBuildFile; fileRef = FBF03C2E19D3BF9D004E5D8B /* RZMilestoneViewModelTests.m */; };
		FBF3B2F219BF4A5D00C7331B /* RZDatePickerCell.m in Sources */ = {isa = PBXBuildFile; fileRef = FBF3B2F119BF4A5D00C7331B /* RZDatePickerCell.m */; };
		FBF3B2F319BF4A5D00C7331B /* RZDatePickerCell.m in Sources */ = {isa = PBXBuildFile; fileRef = FBF3B2F119BF4A5D00C7331B /* RZDatePickerCell.m */; };
/* End PBXBuildFile section */

/* Begin PBXContainerItemProxy section */
		FB1330DD19C0D063000D4218 /* PBXContainerItemProxy */ = {
			isa = PBXContainerItemProxy;
			containerPortal = FB933CA719AB9D9100B71A64 /* Project object */;
			proxyType = 1;
			remoteGlobalIDString = FB933CAE19AB9D9100B71A64;
			remoteInfo = WhatFor;
		};
		FB933CD519AB9D9100B71A64 /* PBXContainerItemProxy */ = {
			isa = PBXContainerItemProxy;
			containerPortal = FB933CA719AB9D9100B71A64 /* Project object */;
			proxyType = 1;
			remoteGlobalIDString = FB933CAE19AB9D9100B71A64;
			remoteInfo = WhatFor;
		};
/* End PBXContainerItemProxy section */

/* Begin PBXFileReference section */
		1DB5592857FF425BB5649330 /* Pods-Acceptance Tests.xcconfig */ = {isa = PBXFileReference; includeInIndex = 1; lastKnownFileType = text.xcconfig; name = "Pods-Acceptance Tests.xcconfig"; path = "Pods/Pods-Acceptance Tests.xcconfig"; sourceTree = "<group>"; };
		89F079A07F76440FAF230298 /* libPods-Acceptance Tests.a */ = {isa = PBXFileReference; explicitFileType = archive.ar; includeInIndex = 0; path = "libPods-Acceptance Tests.a"; sourceTree = BUILT_PRODUCTS_DIR; };
		FB0FD47919AD6271002AFF9B /* Milestone+Enums.h */ = {isa = PBXFileReference; fileEncoding = 4; lastKnownFileType = sourcecode.c.h; path = "Milestone+Enums.h"; sourceTree = "<group>"; };
		FB0FD47A19AD6271002AFF9B /* Milestone+Enums.m */ = {isa = PBXFileReference; fileEncoding = 4; lastKnownFileType = sourcecode.c.objc; path = "Milestone+Enums.m"; sourceTree = "<group>"; };
		FB0FD48119AD6432002AFF9B /* Milestone+EmumsTests.m */ = {isa = PBXFileReference; fileEncoding = 4; lastKnownFileType = sourcecode.c.objc; path = "Milestone+EmumsTests.m"; sourceTree = "<group>"; };
		FB0FD48719AD6EA0002AFF9B /* iPhone.storyboard */ = {isa = PBXFileReference; fileEncoding = 4; lastKnownFileType = file.storyboard; path = iPhone.storyboard; sourceTree = "<group>"; };
		FB0FD49A19AD6EB0002AFF9B /* RZUIStyleGuide.h */ = {isa = PBXFileReference; fileEncoding = 4; lastKnownFileType = sourcecode.c.h; path = RZUIStyleGuide.h; sourceTree = "<group>"; };
		FB0FD49B19AD6EB0002AFF9B /* RZUIStyleGuide.m */ = {isa = PBXFileReference; fileEncoding = 4; lastKnownFileType = sourcecode.c.objc; path = RZUIStyleGuide.m; sourceTree = "<group>"; };
		FB1330D019C0D063000D4218 /* Acceptance Tests.xctest */ = {isa = PBXFileReference; explicitFileType = wrapper.cfbundle; includeInIndex = 0; path = "Acceptance Tests.xctest"; sourceTree = BUILT_PRODUCTS_DIR; };
		FB1330D619C0D063000D4218 /* Acceptance Tests-Info.plist */ = {isa = PBXFileReference; lastKnownFileType = text.plist.xml; path = "Acceptance Tests-Info.plist"; sourceTree = "<group>"; };
		FB1330D819C0D063000D4218 /* en */ = {isa = PBXFileReference; lastKnownFileType = text.plist.strings; name = en; path = en.lproj/InfoPlist.strings; sourceTree = "<group>"; };
		FB1330DC19C0D063000D4218 /* Acceptance Tests-Prefix.pch */ = {isa = PBXFileReference; lastKnownFileType = sourcecode.c.h; path = "Acceptance Tests-Prefix.pch"; sourceTree = "<group>"; };
		FB13B27B19AECC38008C2027 /* NSDateFormatter+RZSharedDateFormatters.h */ = {isa = PBXFileReference; fileEncoding = 4; lastKnownFileType = sourcecode.c.h; path = "NSDateFormatter+RZSharedDateFormatters.h"; sourceTree = "<group>"; };
		FB13B27C19AECC38008C2027 /* NSDateFormatter+RZSharedDateFormatters.m */ = {isa = PBXFileReference; fileEncoding = 4; lastKnownFileType = sourcecode.c.objc; path = "NSDateFormatter+RZSharedDateFormatters.m"; sourceTree = "<group>"; };
		FB13B28119AF6225008C2027 /* RZEnums.h */ = {isa = PBXFileReference; fileEncoding = 4; lastKnownFileType = sourcecode.c.h; path = RZEnums.h; sourceTree = "<group>"; };
		FB13B28619AF6B79008C2027 /* UIView+QuartzEffects.h */ = {isa = PBXFileReference; fileEncoding = 4; lastKnownFileType = sourcecode.c.h; path = "UIView+QuartzEffects.h"; sourceTree = "<group>"; };
		FB13B28719AF6B79008C2027 /* UIView+QuartzEffects.m */ = {isa = PBXFileReference; fileEncoding = 4; lastKnownFileType = sourcecode.c.objc; path = "UIView+QuartzEffects.m"; sourceTree = "<group>"; };
		FB13B28A19AF6C22008C2027 /* QuartzCore.framework */ = {isa = PBXFileReference; lastKnownFileType = wrapper.framework; name = QuartzCore.framework; path = System/Library/Frameworks/QuartzCore.framework; sourceTree = SDKROOT; };
		FB13B28C19AF7089008C2027 /* RZGradientView.h */ = {isa = PBXFileReference; fileEncoding = 4; lastKnownFileType = sourcecode.c.h; path = RZGradientView.h; sourceTree = "<group>"; };
		FB13B28D19AF7089008C2027 /* RZGradientView.m */ = {isa = PBXFileReference; fileEncoding = 4; lastKnownFileType = sourcecode.c.objc; path = RZGradientView.m; sourceTree = "<group>"; };
		FB40D41219B0D085006C6315 /* UIView+Helpers.h */ = {isa = PBXFileReference; fileEncoding = 4; lastKnownFileType = sourcecode.c.h; path = "UIView+Helpers.h"; sourceTree = "<group>"; };
		FB40D41319B0D085006C6315 /* UIView+Helpers.m */ = {isa = PBXFileReference; fileEncoding = 4; lastKnownFileType = sourcecode.c.objc; path = "UIView+Helpers.m"; sourceTree = "<group>"; };
		FB40D41619B0D72A006C6315 /* Notes.txt */ = {isa = PBXFileReference; lastKnownFileType = text; path = Notes.txt; sourceTree = "<group>"; };
		FB40D41B19B4CC19006C6315 /* RZStringsHelper.h */ = {isa = PBXFileReference; fileEncoding = 4; lastKnownFileType = sourcecode.c.h; path = RZStringsHelper.h; sourceTree = "<group>"; };
		FB40D41C19B4CC19006C6315 /* RZStringsHelper.m */ = {isa = PBXFileReference; fileEncoding = 4; lastKnownFileType = sourcecode.c.objc; path = RZStringsHelper.m; sourceTree = "<group>"; };
		FB40D42919B61584006C6315 /* RZActivityStatusPickerViewController.h */ = {isa = PBXFileReference; fileEncoding = 4; lastKnownFileType = sourcecode.c.h; path = RZActivityStatusPickerViewController.h; sourceTree = "<group>"; };
		FB40D42A19B61584006C6315 /* RZActivityStatusPickerViewController.m */ = {isa = PBXFileReference; fileEncoding = 4; lastKnownFileType = sourcecode.c.objc; path = RZActivityStatusPickerViewController.m; sourceTree = "<group>"; };
		FB40D42B19B61584006C6315 /* RZGoalDetailViewController.h */ = {isa = PBXFileReference; fileEncoding = 4; lastKnownFileType = sourcecode.c.h; path = RZGoalDetailViewController.h; sourceTree = "<group>"; };
		FB40D42C19B61584006C6315 /* RZGoalDetailViewController.m */ = {isa = PBXFileReference; fileEncoding = 4; lastKnownFileType = sourcecode.c.objc; path = RZGoalDetailViewController.m; sourceTree = "<group>"; };
		FB40D42D19B61584006C6315 /* RZGoalListViewController.h */ = {isa = PBXFileReference; fileEncoding = 4; lastKnownFileType = sourcecode.c.h; path = RZGoalListViewController.h; sourceTree = "<group>"; };
		FB40D42E19B61584006C6315 /* RZGoalListViewController.m */ = {isa = PBXFileReference; fileEncoding = 4; lastKnownFileType = sourcecode.c.objc; path = RZGoalListViewController.m; sourceTree = "<group>"; };
		FB40D42F19B61584006C6315 /* RZMilestoneEditViewController.h */ = {isa = PBXFileReference; fileEncoding = 4; lastKnownFileType = sourcecode.c.h; lineEnding = 0; path = RZMilestoneEditViewController.h; sourceTree = "<group>"; xcLanguageSpecificationIdentifier = xcode.lang.objcpp; };
		FB40D43019B61584006C6315 /* RZMilestoneEditViewController.m */ = {isa = PBXFileReference; fileEncoding = 4; lastKnownFileType = sourcecode.c.objc; lineEnding = 0; path = RZMilestoneEditViewController.m; sourceTree = "<group>"; xcLanguageSpecificationIdentifier = xcode.lang.objc; };
		FB40D43119B61584006C6315 /* RZMilestoneDetailViewController.h */ = {isa = PBXFileReference; fileEncoding = 4; lastKnownFileType = sourcecode.c.h; path = RZMilestoneDetailViewController.h; sourceTree = "<group>"; };
		FB40D43219B61584006C6315 /* RZMilestoneDetailViewController.m */ = {isa = PBXFileReference; fileEncoding = 4; lastKnownFileType = sourcecode.c.objc; path = RZMilestoneDetailViewController.m; sourceTree = "<group>"; };
		FB40D43319B61584006C6315 /* RZTempViewController.h */ = {isa = PBXFileReference; fileEncoding = 4; lastKnownFileType = sourcecode.c.h; path = RZTempViewController.h; sourceTree = "<group>"; };
		FB40D43419B61584006C6315 /* RZTempViewController.m */ = {isa = PBXFileReference; fileEncoding = 4; lastKnownFileType = sourcecode.c.objc; path = RZTempViewController.m; sourceTree = "<group>"; };
		FB40D43519B61584006C6315 /* RZTesterViewController.h */ = {isa = PBXFileReference; fileEncoding = 4; lastKnownFileType = sourcecode.c.h; path = RZTesterViewController.h; sourceTree = "<group>"; };
		FB40D43619B61584006C6315 /* RZTesterViewController.m */ = {isa = PBXFileReference; fileEncoding = 4; lastKnownFileType = sourcecode.c.objc; path = RZTesterViewController.m; sourceTree = "<group>"; };
		FB40D44D19B615B1006C6315 /* RZMilestoneCell.h */ = {isa = PBXFileReference; fileEncoding = 4; lastKnownFileType = sourcecode.c.h; path = RZMilestoneCell.h; sourceTree = "<group>"; };
		FB40D44E19B615B1006C6315 /* RZMilestoneCell.m */ = {isa = PBXFileReference; fileEncoding = 4; lastKnownFileType = sourcecode.c.objc; path = RZMilestoneCell.m; sourceTree = "<group>"; };
		FB40D44F19B615B1006C6315 /* RZGoalMilestonesListHeaderView.h */ = {isa = PBXFileReference; fileEncoding = 4; lastKnownFileType = sourcecode.c.h; path = RZGoalMilestonesListHeaderView.h; sourceTree = "<group>"; };
		FB40D45019B615B1006C6315 /* RZGoalMilestonesListHeaderView.m */ = {isa = PBXFileReference; fileEncoding = 4; lastKnownFileType = sourcecode.c.objc; path = RZGoalMilestonesListHeaderView.m; sourceTree = "<group>"; };
		FB40D45619B615E1006C6315 /* RZGoalListViewModel.h */ = {isa = PBXFileReference; fileEncoding = 4; lastKnownFileType = sourcecode.c.h; path = RZGoalListViewModel.h; sourceTree = "<group>"; };
		FB40D45719B615E1006C6315 /* RZGoalListViewModel.m */ = {isa = PBXFileReference; fileEncoding = 4; lastKnownFileType = sourcecode.c.objc; path = RZGoalListViewModel.m; sourceTree = "<group>"; };
		FB40D45819B615E1006C6315 /* RZMilestoneViewModel.h */ = {isa = PBXFileReference; fileEncoding = 4; lastKnownFileType = sourcecode.c.h; path = RZMilestoneViewModel.h; sourceTree = "<group>"; };
		FB40D45919B615E1006C6315 /* RZMilestoneViewModel.m */ = {isa = PBXFileReference; fileEncoding = 4; lastKnownFileType = sourcecode.c.objc; lineEnding = 0; path = RZMilestoneViewModel.m; sourceTree = "<group>"; xcLanguageSpecificationIdentifier = xcode.lang.objc; };
		FB40D45E19B6160B006C6315 /* RZGoalViewModel.h */ = {isa = PBXFileReference; fileEncoding = 4; lastKnownFileType = sourcecode.c.h; path = RZGoalViewModel.h; sourceTree = "<group>"; };
		FB40D45F19B6160B006C6315 /* RZGoalViewModel.m */ = {isa = PBXFileReference; fileEncoding = 4; lastKnownFileType = sourcecode.c.objc; path = RZGoalViewModel.m; sourceTree = "<group>"; };
		FB40D46319B6162C006C6315 /* RZGoalListViewModelTests.m */ = {isa = PBXFileReference; fileEncoding = 4; lastKnownFileType = sourcecode.c.objc; path = RZGoalListViewModelTests.m; sourceTree = "<group>"; };
		FB40D46419B6162C006C6315 /* RZNSDateFormatterTests.m */ = {isa = PBXFileReference; fileEncoding = 4; lastKnownFileType = sourcecode.c.objc; path = RZNSDateFormatterTests.m; sourceTree = "<group>"; };
		FB40D46919B61A8F006C6315 /* RZGoalViewModelTests.m */ = {isa = PBXFileReference; fileEncoding = 4; lastKnownFileType = sourcecode.c.objc; path = RZGoalViewModelTests.m; sourceTree = "<group>"; };
		FB40D46C19B637E4006C6315 /* MilestoneTableCell.xib */ = {isa = PBXFileReference; fileEncoding = 4; lastKnownFileType = file.xib; path = MilestoneTableCell.xib; sourceTree = "<group>"; };
		FB44D7BF19B8AAC7009841CA /* RZStatusViewModel.h */ = {isa = PBXFileReference; fileEncoding = 4; lastKnownFileType = sourcecode.c.h; path = RZStatusViewModel.h; sourceTree = "<group>"; };
		FB44D7C019B8AAC7009841CA /* RZStatusViewModel.m */ = {isa = PBXFileReference; fileEncoding = 4; lastKnownFileType = sourcecode.c.objc; path = RZStatusViewModel.m; sourceTree = "<group>"; };
		FB44D7C319BA6281009841CA /* Goal.h */ = {isa = PBXFileReference; fileEncoding = 4; lastKnownFileType = sourcecode.c.h; path = Goal.h; sourceTree = "<group>"; };
		FB44D7C419BA6281009841CA /* Goal.m */ = {isa = PBXFileReference; fileEncoding = 4; lastKnownFileType = sourcecode.c.objc; path = Goal.m; sourceTree = "<group>"; };
		FB44D7C719BA6281009841CA /* Milestone.h */ = {isa = PBXFileReference; fileEncoding = 4; lastKnownFileType = sourcecode.c.h; path = Milestone.h; sourceTree = "<group>"; };
		FB44D7C819BA6281009841CA /* Milestone.m */ = {isa = PBXFileReference; fileEncoding = 4; lastKnownFileType = sourcecode.c.objc; path = Milestone.m; sourceTree = "<group>"; };
		FB5BB38119C878720053139A /* RZGoalEditViewController.h */ = {isa = PBXFileReference; fileEncoding = 4; lastKnownFileType = sourcecode.c.h; path = RZGoalEditViewController.h; sourceTree = "<group>"; };
		FB5BB38219C878720053139A /* RZGoalEditViewController.m */ = {isa = PBXFileReference; fileEncoding = 4; lastKnownFileType = sourcecode.c.objc; path = RZGoalEditViewController.m; sourceTree = "<group>"; };
		FB933CAF19AB9D9100B71A64 /* WhatFor.app */ = {isa = PBXFileReference; explicitFileType = wrapper.application; includeInIndex = 0; path = WhatFor.app; sourceTree = BUILT_PRODUCTS_DIR; };
		FB933CB219AB9D9100B71A64 /* Foundation.framework */ = {isa = PBXFileReference; lastKnownFileType = wrapper.framework; name = Foundation.framework; path = System/Library/Frameworks/Foundation.framework; sourceTree = SDKROOT; };
		FB933CB419AB9D9100B71A64 /* CoreGraphics.framework */ = {isa = PBXFileReference; lastKnownFileType = wrapper.framework; name = CoreGraphics.framework; path = System/Library/Frameworks/CoreGraphics.framework; sourceTree = SDKROOT; };
		FB933CB619AB9D9100B71A64 /* UIKit.framework */ = {isa = PBXFileReference; lastKnownFileType = wrapper.framework; name = UIKit.framework; path = System/Library/Frameworks/UIKit.framework; sourceTree = SDKROOT; };
		FB933CB819AB9D9100B71A64 /* CoreData.framework */ = {isa = PBXFileReference; lastKnownFileType = wrapper.framework; name = CoreData.framework; path = System/Library/Frameworks/CoreData.framework; sourceTree = SDKROOT; };
		FB933CBC19AB9D9100B71A64 /* WhatFor-Info.plist */ = {isa = PBXFileReference; lastKnownFileType = text.plist.xml; path = "WhatFor-Info.plist"; sourceTree = "<group>"; };
		FB933CBE19AB9D9100B71A64 /* en */ = {isa = PBXFileReference; lastKnownFileType = text.plist.strings; name = en; path = en.lproj/InfoPlist.strings; sourceTree = "<group>"; };
		FB933CC019AB9D9100B71A64 /* main.m */ = {isa = PBXFileReference; lastKnownFileType = sourcecode.c.objc; path = main.m; sourceTree = "<group>"; };
		FB933CC219AB9D9100B71A64 /* WhatFor-Prefix.pch */ = {isa = PBXFileReference; lastKnownFileType = sourcecode.c.h; path = "WhatFor-Prefix.pch"; sourceTree = "<group>"; };
		FB933CC319AB9D9100B71A64 /* RZAppDelegate.h */ = {isa = PBXFileReference; lastKnownFileType = sourcecode.c.h; path = RZAppDelegate.h; sourceTree = "<group>"; };
		FB933CC419AB9D9100B71A64 /* RZAppDelegate.m */ = {isa = PBXFileReference; lastKnownFileType = sourcecode.c.objc; path = RZAppDelegate.m; sourceTree = "<group>"; };
		FB933CC919AB9D9100B71A64 /* Images.xcassets */ = {isa = PBXFileReference; lastKnownFileType = folder.assetcatalog; path = Images.xcassets; sourceTree = "<group>"; };
		FB933CCF19AB9D9100B71A64 /* WhatForTests.xctest */ = {isa = PBXFileReference; explicitFileType = wrapper.cfbundle; includeInIndex = 0; path = WhatForTests.xctest; sourceTree = BUILT_PRODUCTS_DIR; };
		FB933CD019AB9D9100B71A64 /* XCTest.framework */ = {isa = PBXFileReference; lastKnownFileType = wrapper.framework; name = XCTest.framework; path = Library/Frameworks/XCTest.framework; sourceTree = DEVELOPER_DIR; };
		FB933CD919AB9D9100B71A64 /* WhatForTests-Info.plist */ = {isa = PBXFileReference; lastKnownFileType = text.plist.xml; path = "WhatForTests-Info.plist"; sourceTree = "<group>"; };
		FB933CDB19AB9D9100B71A64 /* en */ = {isa = PBXFileReference; lastKnownFileType = text.plist.strings; name = en; path = en.lproj/InfoPlist.strings; sourceTree = "<group>"; };
		FBD4DDE819ACD5A700A4686F /* RZCoreDataRepository.h */ = {isa = PBXFileReference; fileEncoding = 4; lastKnownFileType = sourcecode.c.h; name = RZCoreDataRepository.h; path = CoreData/RZCoreDataRepository.h; sourceTree = "<group>"; };
		FBD4DDE919ACD5A700A4686F /* RZCoreDataRepository.m */ = {isa = PBXFileReference; fileEncoding = 4; lastKnownFileType = sourcecode.c.objc; lineEnding = 0; name = RZCoreDataRepository.m; path = CoreData/RZCoreDataRepository.m; sourceTree = "<group>"; xcLanguageSpecificationIdentifier = xcode.lang.objc; };
		FBD4DDEC19ACD95400A4686F /* RZTestingRepository.h */ = {isa = PBXFileReference; fileEncoding = 4; lastKnownFileType = sourcecode.c.h; name = RZTestingRepository.h; path = CoreData/RZTestingRepository.h; sourceTree = "<group>"; };
		FBD4DDED19ACD95400A4686F /* RZTestingRepository.m */ = {isa = PBXFileReference; fileEncoding = 4; lastKnownFileType = sourcecode.c.objc; name = RZTestingRepository.m; path = CoreData/RZTestingRepository.m; sourceTree = "<group>"; };
		FBD4DDEF19ACDF5600A4686F /* RZSeedDataInserter.h */ = {isa = PBXFileReference; fileEncoding = 4; lastKnownFileType = sourcecode.c.h; name = RZSeedDataInserter.h; path = CoreData/RZSeedDataInserter.h; sourceTree = "<group>"; };
		FBD4DDF019ACDF5600A4686F /* RZSeedDataInserter.m */ = {isa = PBXFileReference; fileEncoding = 4; lastKnownFileType = sourcecode.c.objc; lineEnding = 0; name = RZSeedDataInserter.m; path = CoreData/RZSeedDataInserter.m; sourceTree = "<group>"; xcLanguageSpecificationIdentifier = xcode.lang.objc; };
		FBD4DE0519ACE14200A4686F /* ModelHeader.h */ = {isa = PBXFileReference; fileEncoding = 4; lastKnownFileType = sourcecode.c.h; path = ModelHeader.h; sourceTree = "<group>"; };
		FBD4DE0619ACE5B000A4686F /* RZCoreDataRepositoryTests.m */ = {isa = PBXFileReference; fileEncoding = 4; lastKnownFileType = sourcecode.c.objc; name = RZCoreDataRepositoryTests.m; path = CoreData/RZCoreDataRepositoryTests.m; sourceTree = "<group>"; };
		FBD4DE1119ACEAD500A4686F /* WhatFor.xcdatamodel */ = {isa = PBXFileReference; lastKnownFileType = wrapper.xcdatamodel; path = WhatFor.xcdatamodel; sourceTree = "<group>"; };
		FBD4DE1419ACEB8300A4686F /* RZSeedDataInserterTests.m */ = {isa = PBXFileReference; fileEncoding = 4; lastKnownFileType = sourcecode.c.objc; name = RZSeedDataInserterTests.m; path = CoreData/RZSeedDataInserterTests.m; sourceTree = "<group>"; };
		FBEC870A19C0D14900189255 /* RZTempViewControllerTests.h */ = {isa = PBXFileReference; fileEncoding = 4; lastKnownFileType = sourcecode.c.h; path = RZTempViewControllerTests.h; sourceTree = "<group>"; };
		FBEC870B19C0D14900189255 /* RZTempViewControllerTests.m */ = {isa = PBXFileReference; fileEncoding = 4; lastKnownFileType = sourcecode.c.objc; path = RZTempViewControllerTests.m; sourceTree = "<group>"; };
		FBF03C2C19D203CE004E5D8B /* GoalMilestonesListHeaderView.xib */ = {isa = PBXFileReference; fileEncoding = 4; lastKnownFileType = file.xib; path = GoalMilestonesListHeaderView.xib; sourceTree = "<group>"; };
		FBF03C2E19D3BF9D004E5D8B /* RZMilestoneViewModelTests.m */ = {isa = PBXFileReference; fileEncoding = 4; lastKnownFileType = sourcecode.c.objc; path = RZMilestoneViewModelTests.m; sourceTree = "<group>"; };
		FBF3B2F019BF4A5D00C7331B /* RZDatePickerCell.h */ = {isa = PBXFileReference; fileEncoding = 4; lastKnownFileType = sourcecode.c.h; path = RZDatePickerCell.h; sourceTree = "<group>"; };
		FBF3B2F119BF4A5D00C7331B /* RZDatePickerCell.m */ = {isa = PBXFileReference; fileEncoding = 4; lastKnownFileType = sourcecode.c.objc; path = RZDatePickerCell.m; sourceTree = "<group>"; };
/* End PBXFileReference section */

/* Begin PBXFrameworksBuildPhase section */
		FB1330CD19C0D063000D4218 /* Frameworks */ = {
			isa = PBXFrameworksBuildPhase;
			buildActionMask = 2147483647;
			files = (
				FB1330D119C0D063000D4218 /* XCTest.framework in Frameworks */,
				FB1330D319C0D063000D4218 /* UIKit.framework in Frameworks */,
				FB1330D219C0D063000D4218 /* Foundation.framework in Frameworks */,
				1A3395362978497D9FE69A84 /* libPods-Acceptance Tests.a in Frameworks */,
			);
			runOnlyForDeploymentPostprocessing = 0;
		};
		FB933CAC19AB9D9100B71A64 /* Frameworks */ = {
			isa = PBXFrameworksBuildPhase;
			buildActionMask = 2147483647;
			files = (
				FB13B28B19AF6C22008C2027 /* QuartzCore.framework in Frameworks */,
				FB933CB519AB9D9100B71A64 /* CoreGraphics.framework in Frameworks */,
				FB933CB919AB9D9100B71A64 /* CoreData.framework in Frameworks */,
				FB933CB719AB9D9100B71A64 /* UIKit.framework in Frameworks */,
				FB933CB319AB9D9100B71A64 /* Foundation.framework in Frameworks */,
			);
			runOnlyForDeploymentPostprocessing = 0;
		};
		FB933CCC19AB9D9100B71A64 /* Frameworks */ = {
			isa = PBXFrameworksBuildPhase;
			buildActionMask = 2147483647;
			files = (
				FB933CD119AB9D9100B71A64 /* XCTest.framework in Frameworks */,
				FB933CD419AB9D9100B71A64 /* CoreData.framework in Frameworks */,
				FB933CD319AB9D9100B71A64 /* UIKit.framework in Frameworks */,
				FB933CD219AB9D9100B71A64 /* Foundation.framework in Frameworks */,
			);
			runOnlyForDeploymentPostprocessing = 0;
		};
/* End PBXFrameworksBuildPhase section */

/* Begin PBXGroup section */
		FB1330D419C0D063000D4218 /* Acceptance Tests */ = {
			isa = PBXGroup;
			children = (
				FB1330D519C0D063000D4218 /* Supporting Files */,
				FBEC870A19C0D14900189255 /* RZTempViewControllerTests.h */,
				FBEC870B19C0D14900189255 /* RZTempViewControllerTests.m */,
			);
			path = "Acceptance Tests";
			sourceTree = "<group>";
		};
		FB1330D519C0D063000D4218 /* Supporting Files */ = {
			isa = PBXGroup;
			children = (
				FB1330D619C0D063000D4218 /* Acceptance Tests-Info.plist */,
				FB1330D719C0D063000D4218 /* InfoPlist.strings */,
				FB1330DC19C0D063000D4218 /* Acceptance Tests-Prefix.pch */,
			);
			name = "Supporting Files";
			sourceTree = "<group>";
		};
		FB40D42819B61584006C6315 /* ViewControllers */ = {
			isa = PBXGroup;
			children = (
				FB40D42919B61584006C6315 /* RZActivityStatusPickerViewController.h */,
				FB40D42A19B61584006C6315 /* RZActivityStatusPickerViewController.m */,
				FB40D42B19B61584006C6315 /* RZGoalDetailViewController.h */,
				FB40D42C19B61584006C6315 /* RZGoalDetailViewController.m */,
				FB5BB38119C878720053139A /* RZGoalEditViewController.h */,
				FB5BB38219C878720053139A /* RZGoalEditViewController.m */,
				FB40D42D19B61584006C6315 /* RZGoalListViewController.h */,
				FB40D42E19B61584006C6315 /* RZGoalListViewController.m */,
				FB40D42F19B61584006C6315 /* RZMilestoneEditViewController.h */,
				FB40D43019B61584006C6315 /* RZMilestoneEditViewController.m */,
				FB40D43119B61584006C6315 /* RZMilestoneDetailViewController.h */,
				FB40D43219B61584006C6315 /* RZMilestoneDetailViewController.m */,
				FB40D43319B61584006C6315 /* RZTempViewController.h */,
				FB40D43419B61584006C6315 /* RZTempViewController.m */,
				FB40D43519B61584006C6315 /* RZTesterViewController.h */,
				FB40D43619B61584006C6315 /* RZTesterViewController.m */,
			);
			path = ViewControllers;
			sourceTree = "<group>";
		};
		FB40D44C19B615B1006C6315 /* TableCells */ = {
			isa = PBXGroup;
			children = (
				FB40D44D19B615B1006C6315 /* RZMilestoneCell.h */,
				FB40D44E19B615B1006C6315 /* RZMilestoneCell.m */,
				FB40D44F19B615B1006C6315 /* RZGoalMilestonesListHeaderView.h */,
				FB40D45019B615B1006C6315 /* RZGoalMilestonesListHeaderView.m */,
				FBF3B2F019BF4A5D00C7331B /* RZDatePickerCell.h */,
				FBF3B2F119BF4A5D00C7331B /* RZDatePickerCell.m */,
			);
			path = TableCells;
			sourceTree = "<group>";
		};
		FB40D45519B615E1006C6315 /* ViewModel */ = {
			isa = PBXGroup;
			children = (
				FB40D45619B615E1006C6315 /* RZGoalListViewModel.h */,
				FB40D45719B615E1006C6315 /* RZGoalListViewModel.m */,
				FB40D45819B615E1006C6315 /* RZMilestoneViewModel.h */,
				FB40D45919B615E1006C6315 /* RZMilestoneViewModel.m */,
				FB40D45E19B6160B006C6315 /* RZGoalViewModel.h */,
				FB40D45F19B6160B006C6315 /* RZGoalViewModel.m */,
				FB44D7BF19B8AAC7009841CA /* RZStatusViewModel.h */,
				FB44D7C019B8AAC7009841CA /* RZStatusViewModel.m */,
			);
			name = ViewModel;
			path = WhatFor/ViewModel;
			sourceTree = SOURCE_ROOT;
		};
		FB40D46219B6162C006C6315 /* ViewModel */ = {
			isa = PBXGroup;
			children = (
				FB40D46319B6162C006C6315 /* RZGoalListViewModelTests.m */,
				FB40D46419B6162C006C6315 /* RZNSDateFormatterTests.m */,
				FB40D46919B61A8F006C6315 /* RZGoalViewModelTests.m */,
				FBF03C2E19D3BF9D004E5D8B /* RZMilestoneViewModelTests.m */,
			);
			path = ViewModel;
			sourceTree = "<group>";
		};
		FB69EC7E19ABA2A7005BA0EB /* View */ = {
			isa = PBXGroup;
			children = (
				FB40D44C19B615B1006C6315 /* TableCells */,
				FB40D42819B61584006C6315 /* ViewControllers */,
				FB0FD48719AD6EA0002AFF9B /* iPhone.storyboard */,
				FBF03C2C19D203CE004E5D8B /* GoalMilestonesListHeaderView.xib */,
				FB40D46C19B637E4006C6315 /* MilestoneTableCell.xib */,
				FB13B27B19AECC38008C2027 /* NSDateFormatter+RZSharedDateFormatters.h */,
				FB13B27C19AECC38008C2027 /* NSDateFormatter+RZSharedDateFormatters.m */,
				FB13B28C19AF7089008C2027 /* RZGradientView.h */,
				FB13B28D19AF7089008C2027 /* RZGradientView.m */,
				FB0FD49A19AD6EB0002AFF9B /* RZUIStyleGuide.h */,
				FB0FD49B19AD6EB0002AFF9B /* RZUIStyleGuide.m */,
				FB40D41219B0D085006C6315 /* UIView+Helpers.h */,
				FB40D41319B0D085006C6315 /* UIView+Helpers.m */,
				FB13B28619AF6B79008C2027 /* UIView+QuartzEffects.h */,
				FB13B28719AF6B79008C2027 /* UIView+QuartzEffects.m */,
			);
			path = View;
			sourceTree = "<group>";
		};
		FB933CA619AB9D9100B71A64 = {
			isa = PBXGroup;
			children = (
				FB933CBA19AB9D9100B71A64 /* WhatFor */,
				FB933CD719AB9D9100B71A64 /* WhatForTests */,
				FB1330D419C0D063000D4218 /* Acceptance Tests */,
				FB933CB119AB9D9100B71A64 /* Frameworks */,
				FB933CB019AB9D9100B71A64 /* Products */,
				FB40D41619B0D72A006C6315 /* Notes.txt */,
				1DB5592857FF425BB5649330 /* Pods-Acceptance Tests.xcconfig */,
			);
			sourceTree = "<group>";
		};
		FB933CB019AB9D9100B71A64 /* Products */ = {
			isa = PBXGroup;
			children = (
				FB933CAF19AB9D9100B71A64 /* WhatFor.app */,
				FB933CCF19AB9D9100B71A64 /* WhatForTests.xctest */,
				FB1330D019C0D063000D4218 /* Acceptance Tests.xctest */,
			);
			name = Products;
			sourceTree = "<group>";
		};
		FB933CB119AB9D9100B71A64 /* Frameworks */ = {
			isa = PBXGroup;
			children = (
				FB13B28A19AF6C22008C2027 /* QuartzCore.framework */,
				FB933CB219AB9D9100B71A64 /* Foundation.framework */,
				FB933CB419AB9D9100B71A64 /* CoreGraphics.framework */,
				FB933CB619AB9D9100B71A64 /* UIKit.framework */,
				FB933CB819AB9D9100B71A64 /* CoreData.framework */,
				FB933CD019AB9D9100B71A64 /* XCTest.framework */,
				89F079A07F76440FAF230298 /* libPods-Acceptance Tests.a */,
			);
			name = Frameworks;
			sourceTree = "<group>";
		};
		FB933CBA19AB9D9100B71A64 /* WhatFor */ = {
			isa = PBXGroup;
			children = (
				FBD4DDDD19ACD21200A4686F /* CoreData */,
				FB69EC7E19ABA2A7005BA0EB /* View */,
				FB40D45519B615E1006C6315 /* ViewModel */,
				FB933CC319AB9D9100B71A64 /* RZAppDelegate.h */,
				FB933CC419AB9D9100B71A64 /* RZAppDelegate.m */,
				FB13B28119AF6225008C2027 /* RZEnums.h */,
				FB933CC919AB9D9100B71A64 /* Images.xcassets */,
				FB933CBB19AB9D9100B71A64 /* Supporting Files */,
				FB40D41B19B4CC19006C6315 /* RZStringsHelper.h */,
				FB40D41C19B4CC19006C6315 /* RZStringsHelper.m */,
			);
			path = WhatFor;
			sourceTree = "<group>";
		};
		FB933CBB19AB9D9100B71A64 /* Supporting Files */ = {
			isa = PBXGroup;
			children = (
				FB933CBC19AB9D9100B71A64 /* WhatFor-Info.plist */,
				FB933CBD19AB9D9100B71A64 /* InfoPlist.strings */,
				FB933CC019AB9D9100B71A64 /* main.m */,
				FB933CC219AB9D9100B71A64 /* WhatFor-Prefix.pch */,
			);
			name = "Supporting Files";
			sourceTree = "<group>";
		};
		FB933CD719AB9D9100B71A64 /* WhatForTests */ = {
			isa = PBXGroup;
			children = (
				FB40D46219B6162C006C6315 /* ViewModel */,
				FBD4DDE719ACD55A00A4686F /* CoreData */,
				FB933CD819AB9D9100B71A64 /* Supporting Files */,
			);
			path = WhatForTests;
			sourceTree = "<group>";
		};
		FB933CD819AB9D9100B71A64 /* Supporting Files */ = {
			isa = PBXGroup;
			children = (
				FB933CD919AB9D9100B71A64 /* WhatForTests-Info.plist */,
				FB933CDA19AB9D9100B71A64 /* InfoPlist.strings */,
			);
			name = "Supporting Files";
			sourceTree = "<group>";
		};
		FBD4DDDD19ACD21200A4686F /* CoreData */ = {
			isa = PBXGroup;
			children = (
				FBD4DDFC19ACE0E100A4686F /* Model */,
				FBD4DDE819ACD5A700A4686F /* RZCoreDataRepository.h */,
				FBD4DDE919ACD5A700A4686F /* RZCoreDataRepository.m */,
				FBD4DDEF19ACDF5600A4686F /* RZSeedDataInserter.h */,
				FBD4DDF019ACDF5600A4686F /* RZSeedDataInserter.m */,
			);
			name = CoreData;
			sourceTree = "<group>";
		};
		FBD4DDE719ACD55A00A4686F /* CoreData */ = {
			isa = PBXGroup;
			children = (
				FBD4DDEC19ACD95400A4686F /* RZTestingRepository.h */,
				FBD4DDED19ACD95400A4686F /* RZTestingRepository.m */,
				FBD4DE0619ACE5B000A4686F /* RZCoreDataRepositoryTests.m */,
				FBD4DE1419ACEB8300A4686F /* RZSeedDataInserterTests.m */,
				FB0FD48119AD6432002AFF9B /* Milestone+EmumsTests.m */,
			);
			name = CoreData;
			sourceTree = "<group>";
		};
		FBD4DDFC19ACE0E100A4686F /* Model */ = {
			isa = PBXGroup;
			children = (
				FBD4DE1019ACEAD500A4686F /* WhatFor.xcdatamodeld */,
				FB44D7C719BA6281009841CA /* Milestone.h */,
				FB44D7C819BA6281009841CA /* Milestone.m */,
				FB44D7C319BA6281009841CA /* Goal.h */,
				FB44D7C419BA6281009841CA /* Goal.m */,
				FBD4DE0519ACE14200A4686F /* ModelHeader.h */,
				FB0FD47919AD6271002AFF9B /* Milestone+Enums.h */,
				FB0FD47A19AD6271002AFF9B /* Milestone+Enums.m */,
			);
			name = Model;
			path = CoreData/Model;
			sourceTree = "<group>";
		};
/* End PBXGroup section */

/* Begin PBXNativeTarget section */
		FB1330CF19C0D063000D4218 /* Acceptance Tests */ = {
			isa = PBXNativeTarget;
			buildConfigurationList = FB1330E119C0D063000D4218 /* Build configuration list for PBXNativeTarget "Acceptance Tests" */;
			buildPhases = (
				4B20165F6CD14F38B569FAE4 /* Check Pods Manifest.lock */,
				FB1330CC19C0D063000D4218 /* Sources */,
				FB1330CD19C0D063000D4218 /* Frameworks */,
				FB1330CE19C0D063000D4218 /* Resources */,
				0A7157E755B24480831A3073 /* Copy Pods Resources */,
			);
			buildRules = (
			);
			dependencies = (
				FB1330DE19C0D063000D4218 /* PBXTargetDependency */,
			);
			name = "Acceptance Tests";
			productName = "Acceptance Tests";
			productReference = FB1330D019C0D063000D4218 /* Acceptance Tests.xctest */;
			productType = "com.apple.product-type.bundle.unit-test";
		};
		FB933CAE19AB9D9100B71A64 /* WhatFor */ = {
			isa = PBXNativeTarget;
			buildConfigurationList = FB933CE119AB9D9100B71A64 /* Build configuration list for PBXNativeTarget "WhatFor" */;
			buildPhases = (
				FB933CAB19AB9D9100B71A64 /* Sources */,
				FB933CAC19AB9D9100B71A64 /* Frameworks */,
				FB933CAD19AB9D9100B71A64 /* Resources */,
			);
			buildRules = (
			);
			dependencies = (
			);
			name = WhatFor;
			productName = WhatFor;
			productReference = FB933CAF19AB9D9100B71A64 /* WhatFor.app */;
			productType = "com.apple.product-type.application";
		};
		FB933CCE19AB9D9100B71A64 /* WhatForTests */ = {
			isa = PBXNativeTarget;
			buildConfigurationList = FB933CE419AB9D9100B71A64 /* Build configuration list for PBXNativeTarget "WhatForTests" */;
			buildPhases = (
				FB933CCB19AB9D9100B71A64 /* Sources */,
				FB933CCC19AB9D9100B71A64 /* Frameworks */,
				FB933CCD19AB9D9100B71A64 /* Resources */,
			);
			buildRules = (
			);
			dependencies = (
				FB933CD619AB9D9100B71A64 /* PBXTargetDependency */,
			);
			name = WhatForTests;
			productName = WhatForTests;
			productReference = FB933CCF19AB9D9100B71A64 /* WhatForTests.xctest */;
			productType = "com.apple.product-type.bundle.unit-test";
		};
/* End PBXNativeTarget section */

/* Begin PBXProject section */
		FB933CA719AB9D9100B71A64 /* Project object */ = {
			isa = PBXProject;
			attributes = {
				CLASSPREFIX = RZ;
				LastUpgradeCheck = 0500;
				ORGANIZATIONNAME = "Levous, LLC";
				TargetAttributes = {
					FB1330CF19C0D063000D4218 = {
						TestTargetID = FB933CAE19AB9D9100B71A64;
					};
					FB933CCE19AB9D9100B71A64 = {
						TestTargetID = FB933CAE19AB9D9100B71A64;
					};
				};
			};
			buildConfigurationList = FB933CAA19AB9D9100B71A64 /* Build configuration list for PBXProject "WhatFor" */;
			compatibilityVersion = "Xcode 3.2";
			developmentRegion = English;
			hasScannedForEncodings = 0;
			knownRegions = (
				en,
			);
			mainGroup = FB933CA619AB9D9100B71A64;
			productRefGroup = FB933CB019AB9D9100B71A64 /* Products */;
			projectDirPath = "";
			projectRoot = "";
			targets = (
				FB933CAE19AB9D9100B71A64 /* WhatFor */,
				FB933CCE19AB9D9100B71A64 /* WhatForTests */,
				FB1330CF19C0D063000D4218 /* Acceptance Tests */,
			);
		};
/* End PBXProject section */

/* Begin PBXResourcesBuildPhase section */
		FB1330CE19C0D063000D4218 /* Resources */ = {
			isa = PBXResourcesBuildPhase;
			buildActionMask = 2147483647;
			files = (
				FB1330D919C0D063000D4218 /* InfoPlist.strings in Resources */,
			);
			runOnlyForDeploymentPostprocessing = 0;
		};
		FB933CAD19AB9D9100B71A64 /* Resources */ = {
			isa = PBXResourcesBuildPhase;
			buildActionMask = 2147483647;
			files = (
				FBF03C2D19D203CE004E5D8B /* GoalMilestonesListHeaderView.xib in Resources */,
				FB933CBF19AB9D9100B71A64 /* InfoPlist.strings in Resources */,
				FB0FD49019AD6EA1002AFF9B /* iPhone.storyboard in Resources */,
				FB933CCA19AB9D9100B71A64 /* Images.xcassets in Resources */,
				FB40D46D19B637E4006C6315 /* MilestoneTableCell.xib in Resources */,
			);
			runOnlyForDeploymentPostprocessing = 0;
		};
		FB933CCD19AB9D9100B71A64 /* Resources */ = {
			isa = PBXResourcesBuildPhase;
			buildActionMask = 2147483647;
			files = (
				FB933CDC19AB9D9100B71A64 /* InfoPlist.strings in Resources */,
				FB40D46E19B637E4006C6315 /* MilestoneTableCell.xib in Resources */,
				FB0FD49119AD6EA1002AFF9B /* iPhone.storyboard in Resources */,
			);
			runOnlyForDeploymentPostprocessing = 0;
		};
/* End PBXResourcesBuildPhase section */

/* Begin PBXShellScriptBuildPhase section */
		0A7157E755B24480831A3073 /* Copy Pods Resources */ = {
			isa = PBXShellScriptBuildPhase;
			buildActionMask = 2147483647;
			files = (
			);
			inputPaths = (
			);
			name = "Copy Pods Resources";
			outputPaths = (
			);
			runOnlyForDeploymentPostprocessing = 0;
			shellPath = /bin/sh;
			shellScript = "\"${SRCROOT}/Pods/Pods-Acceptance Tests-resources.sh\"\n";
			showEnvVarsInLog = 0;
		};
		4B20165F6CD14F38B569FAE4 /* Check Pods Manifest.lock */ = {
			isa = PBXShellScriptBuildPhase;
			buildActionMask = 2147483647;
			files = (
			);
			inputPaths = (
			);
			name = "Check Pods Manifest.lock";
			outputPaths = (
			);
			runOnlyForDeploymentPostprocessing = 0;
			shellPath = /bin/sh;
			shellScript = "diff \"${PODS_ROOT}/../Podfile.lock\" \"${PODS_ROOT}/Manifest.lock\" > /dev/null\nif [[ $? != 0 ]] ; then\n    cat << EOM\nerror: The sandbox is not in sync with the Podfile.lock. Run 'pod install' or update your CocoaPods installation.\nEOM\n    exit 1\nfi\n";
			showEnvVarsInLog = 0;
		};
/* End PBXShellScriptBuildPhase section */

/* Begin PBXSourcesBuildPhase section */
		FB1330CC19C0D063000D4218 /* Sources */ = {
			isa = PBXSourcesBuildPhase;
			buildActionMask = 2147483647;
			files = (
				FBEC870C19C0D14900189255 /* RZTempViewControllerTests.m in Sources */,
				FB5BB38519C878720053139A /* RZGoalEditViewController.m in Sources */,
			);
			runOnlyForDeploymentPostprocessing = 0;
		};
		FB933CAB19AB9D9100B71A64 /* Sources */ = {
			isa = PBXSourcesBuildPhase;
			buildActionMask = 2147483647;
			files = (
				FB0FD47B19AD6271002AFF9B /* Milestone+Enums.m in Sources */,
				FBF3B2F219BF4A5D00C7331B /* RZDatePickerCell.m in Sources */,
				FB40D41D19B4CC19006C6315 /* RZStringsHelper.m in Sources */,
				FB40D43F19B61584006C6315 /* RZGoalListViewController.m in Sources */,
				FB40D44119B61584006C6315 /* RZMilestoneEditViewController.m in Sources */,
				FBD4DDEA19ACD5A700A4686F /* RZCoreDataRepository.m in Sources */,
				FB5BB38319C878720053139A /* RZGoalEditViewController.m in Sources */,
				FB40D46B19B624E0006C6315 /* RZGoalDetailViewController.m in Sources */,
				FBD4DDF119ACDF5600A4686F /* RZSeedDataInserter.m in Sources */,
				FBD4DE1219ACEAD500A4686F /* WhatFor.xcdatamodeld in Sources */,
				FB13B27D19AECC38008C2027 /* NSDateFormatter+RZSharedDateFormatters.m in Sources */,
				FB933CC519AB9D9100B71A64 /* RZAppDelegate.m in Sources */,
				FB40D41419B0D085006C6315 /* UIView+Helpers.m in Sources */,
				FB40D45319B615B1006C6315 /* RZGoalMilestonesListHeaderView.m in Sources */,
				FB40D46019B6160B006C6315 /* RZGoalViewModel.m in Sources */,
				FB40D45119B615B1006C6315 /* RZMilestoneCell.m in Sources */,
				FB44D7C119B8AAC7009841CA /* RZStatusViewModel.m in Sources */,
				FB40D44719B61584006C6315 /* RZTesterViewController.m in Sources */,
				FB40D44319B61584006C6315 /* RZMilestoneDetailViewController.m in Sources */,
				FB44D7C919BA6281009841CA /* Milestone.m in Sources */,
				FB44D7C519BA6281009841CA /* Goal.m in Sources */,
				FB40D44519B61584006C6315 /* RZTempViewController.m in Sources */,
				FB40D45C19B615E1006C6315 /* RZMilestoneViewModel.m in Sources */,
				FB13B28E19AF7089008C2027 /* RZGradientView.m in Sources */,
				FB933CC119AB9D9100B71A64 /* main.m in Sources */,
				FB0FD49C19AD6EB0002AFF9B /* RZUIStyleGuide.m in Sources */,
				FB40D43B19B61584006C6315 /* RZActivityStatusPickerViewController.m in Sources */,
				FB13B28819AF6B79008C2027 /* UIView+QuartzEffects.m in Sources */,
				FB40D45A19B615E1006C6315 /* RZGoalListViewModel.m in Sources */,
			);
			runOnlyForDeploymentPostprocessing = 0;
		};
		FB933CCB19AB9D9100B71A64 /* Sources */ = {
			isa = PBXSourcesBuildPhase;
			buildActionMask = 2147483647;
			files = (
				FB0FD49D19AD6EB0002AFF9B /* RZUIStyleGuide.m in Sources */,
				FB13B27E19AECC38008C2027 /* NSDateFormatter+RZSharedDateFormatters.m in Sources */,
				FB40D46A19B61A8F006C6315 /* RZGoalViewModelTests.m in Sources */,
				FB44D7CA19BA6281009841CA /* Milestone.m in Sources */,
				FB40D44219B61584006C6315 /* RZMilestoneEditViewController.m in Sources */,
				FB40D41519B0D085006C6315 /* UIView+Helpers.m in Sources */,
				FBD4DE0719ACE5B000A4686F /* RZCoreDataRepositoryTests.m in Sources */,
				FBF3B2F319BF4A5D00C7331B /* RZDatePickerCell.m in Sources */,
				FB40D45419B615B1006C6315 /* RZGoalMilestonesListHeaderView.m in Sources */,
				FB5BB38419C878720053139A /* RZGoalEditViewController.m in Sources */,
				FB40D45B19B615E1006C6315 /* RZGoalListViewModel.m in Sources */,
				FB40D43C19B61584006C6315 /* RZActivityStatusPickerViewController.m in Sources */,
				FBD4DDEB19ACD5A700A4686F /* RZCoreDataRepository.m in Sources */,
				FB40D45219B615B1006C6315 /* RZMilestoneCell.m in Sources */,
				FB40D45D19B615E1006C6315 /* RZMilestoneViewModel.m in Sources */,
				FBD4DDF219ACDF5600A4686F /* RZSeedDataInserter.m in Sources */,
				FBD4DDEE19ACD95400A4686F /* RZTestingRepository.m in Sources */,
				FB40D41E19B4CC19006C6315 /* RZStringsHelper.m in Sources */,
				FB44D7C619BA6281009841CA /* Goal.m in Sources */,
				FB40D46819B6162C006C6315 /* RZNSDateFormatterTests.m in Sources */,
				FB40D44619B61584006C6315 /* RZTempViewController.m in Sources */,
				FBF03C2F19D3BF9D004E5D8B /* RZMilestoneViewModelTests.m in Sources */,
				FB40D44819B61584006C6315 /* RZTesterViewController.m in Sources */,
				FB40D44019B61584006C6315 /* RZGoalListViewController.m in Sources */,
				FB40D44419B61584006C6315 /* RZMilestoneDetailViewController.m in Sources */,
				FB13B28F19AF7089008C2027 /* RZGradientView.m in Sources */,
				FB13B28919AF6B79008C2027 /* UIView+QuartzEffects.m in Sources */,
				FB40D46119B6160B006C6315 /* RZGoalViewModel.m in Sources */,
				FB0FD48219AD6432002AFF9B /* Milestone+EmumsTests.m in Sources */,
				FBD4DE1319ACEAD500A4686F /* WhatFor.xcdatamodeld in Sources */,
				FB40D46619B6162C006C6315 /* RZGoalListViewModelTests.m in Sources */,
				FBD4DE1519ACEB8300A4686F /* RZSeedDataInserterTests.m in Sources */,
				FB44D7C219B8AAC7009841CA /* RZStatusViewModel.m in Sources */,
				FB0FD47C19AD6271002AFF9B /* Milestone+Enums.m in Sources */,
			);
			runOnlyForDeploymentPostprocessing = 0;
		};
/* End PBXSourcesBuildPhase section */

/* Begin PBXTargetDependency section */
		FB1330DE19C0D063000D4218 /* PBXTargetDependency */ = {
			isa = PBXTargetDependency;
			target = FB933CAE19AB9D9100B71A64 /* WhatFor */;
			targetProxy = FB1330DD19C0D063000D4218 /* PBXContainerItemProxy */;
		};
		FB933CD619AB9D9100B71A64 /* PBXTargetDependency */ = {
			isa = PBXTargetDependency;
			target = FB933CAE19AB9D9100B71A64 /* WhatFor */;
			targetProxy = FB933CD519AB9D9100B71A64 /* PBXContainerItemProxy */;
		};
/* End PBXTargetDependency section */

/* Begin PBXVariantGroup section */
		FB1330D719C0D063000D4218 /* InfoPlist.strings */ = {
			isa = PBXVariantGroup;
			children = (
				FB1330D819C0D063000D4218 /* en */,
			);
			name = InfoPlist.strings;
			sourceTree = "<group>";
		};
		FB933CBD19AB9D9100B71A64 /* InfoPlist.strings */ = {
			isa = PBXVariantGroup;
			children = (
				FB933CBE19AB9D9100B71A64 /* en */,
			);
			name = InfoPlist.strings;
			sourceTree = "<group>";
		};
		FB933CDA19AB9D9100B71A64 /* InfoPlist.strings */ = {
			isa = PBXVariantGroup;
			children = (
				FB933CDB19AB9D9100B71A64 /* en */,
			);
			name = InfoPlist.strings;
			sourceTree = "<group>";
		};
/* End PBXVariantGroup section */

/* Begin XCBuildConfiguration section */
		FB1330DF19C0D063000D4218 /* Debug */ = {
			isa = XCBuildConfiguration;
			baseConfigurationReference = 1DB5592857FF425BB5649330 /* Pods-Acceptance Tests.xcconfig */;
			buildSettings = {
				ARCHS = "$(ARCHS_STANDARD_INCLUDING_64_BIT)";
				BUNDLE_LOADER = "$(BUILT_PRODUCTS_DIR)/WhatFor.app/WhatFor";
				FRAMEWORK_SEARCH_PATHS = (
					"$(SDKROOT)/Developer/Library/Frameworks",
					"$(inherited)",
					"$(DEVELOPER_FRAMEWORKS_DIR)",
				);
				GCC_PRECOMPILE_PREFIX_HEADER = YES;
				GCC_PREFIX_HEADER = "Acceptance Tests/Acceptance Tests-Prefix.pch";
				GCC_PREPROCESSOR_DEFINITIONS = (
					"DEBUG=1",
					"$(inherited)",
				);
				INFOPLIST_FILE = "Acceptance Tests/Acceptance Tests-Info.plist";
				PRODUCT_NAME = "$(TARGET_NAME)";
				TEST_HOST = "$(BUNDLE_LOADER)";
				WRAPPER_EXTENSION = xctest;
			};
			name = Debug;
		};
		FB1330E019C0D063000D4218 /* Release */ = {
			isa = XCBuildConfiguration;
			baseConfigurationReference = 1DB5592857FF425BB5649330 /* Pods-Acceptance Tests.xcconfig */;
			buildSettings = {
				ARCHS = "$(ARCHS_STANDARD_INCLUDING_64_BIT)";
				BUNDLE_LOADER = "$(BUILT_PRODUCTS_DIR)/WhatFor.app/WhatFor";
				FRAMEWORK_SEARCH_PATHS = (
					"$(SDKROOT)/Developer/Library/Frameworks",
					"$(inherited)",
					"$(DEVELOPER_FRAMEWORKS_DIR)",
				);
				GCC_PRECOMPILE_PREFIX_HEADER = YES;
				GCC_PREFIX_HEADER = "Acceptance Tests/Acceptance Tests-Prefix.pch";
				INFOPLIST_FILE = "Acceptance Tests/Acceptance Tests-Info.plist";
				PRODUCT_NAME = "$(TARGET_NAME)";
				TEST_HOST = "$(BUNDLE_LOADER)";
				WRAPPER_EXTENSION = xctest;
			};
			name = Release;
		};
		FB933CDF19AB9D9100B71A64 /* Debug */ = {
			isa = XCBuildConfiguration;
			buildSettings = {
				ALWAYS_SEARCH_USER_PATHS = NO;
				ARCHS = "$(ARCHS_STANDARD_INCLUDING_64_BIT)";
				CLANG_CXX_LANGUAGE_STANDARD = "gnu++0x";
				CLANG_CXX_LIBRARY = "libc++";
				CLANG_ENABLE_MODULES = YES;
				CLANG_ENABLE_OBJC_ARC = YES;
				CLANG_WARN_BOOL_CONVERSION = YES;
				CLANG_WARN_CONSTANT_CONVERSION = YES;
				CLANG_WARN_DIRECT_OBJC_ISA_USAGE = YES_ERROR;
				CLANG_WARN_EMPTY_BODY = YES;
				CLANG_WARN_ENUM_CONVERSION = YES;
				CLANG_WARN_INT_CONVERSION = YES;
				CLANG_WARN_OBJC_ROOT_CLASS = YES_ERROR;
				CLANG_WARN__DUPLICATE_METHOD_MATCH = YES;
				"CODE_SIGN_IDENTITY[sdk=iphoneos*]" = "iPhone Developer";
				COPY_PHASE_STRIP = NO;
				GCC_C_LANGUAGE_STANDARD = gnu99;
				GCC_DYNAMIC_NO_PIC = NO;
				GCC_OPTIMIZATION_LEVEL = 0;
				GCC_PREPROCESSOR_DEFINITIONS = (
					"DEBUG=1",
					"$(inherited)",
				);
				GCC_SYMBOLS_PRIVATE_EXTERN = NO;
				GCC_WARN_64_TO_32_BIT_CONVERSION = YES;
				GCC_WARN_ABOUT_RETURN_TYPE = YES_ERROR;
				GCC_WARN_UNDECLARED_SELECTOR = YES;
				GCC_WARN_UNINITIALIZED_AUTOS = YES;
				GCC_WARN_UNUSED_FUNCTION = YES;
				GCC_WARN_UNUSED_VARIABLE = YES;
				IPHONEOS_DEPLOYMENT_TARGET = 7.0;
				ONLY_ACTIVE_ARCH = YES;
				SDKROOT = iphoneos;
				TARGETED_DEVICE_FAMILY = "1,2";
			};
			name = Debug;
		};
		FB933CE019AB9D9100B71A64 /* Release */ = {
			isa = XCBuildConfiguration;
			buildSettings = {
				ALWAYS_SEARCH_USER_PATHS = NO;
				ARCHS = "$(ARCHS_STANDARD_INCLUDING_64_BIT)";
				CLANG_CXX_LANGUAGE_STANDARD = "gnu++0x";
				CLANG_CXX_LIBRARY = "libc++";
				CLANG_ENABLE_MODULES = YES;
				CLANG_ENABLE_OBJC_ARC = YES;
				CLANG_WARN_BOOL_CONVERSION = YES;
				CLANG_WARN_CONSTANT_CONVERSION = YES;
				CLANG_WARN_DIRECT_OBJC_ISA_USAGE = YES_ERROR;
				CLANG_WARN_EMPTY_BODY = YES;
				CLANG_WARN_ENUM_CONVERSION = YES;
				CLANG_WARN_INT_CONVERSION = YES;
				CLANG_WARN_OBJC_ROOT_CLASS = YES_ERROR;
				CLANG_WARN__DUPLICATE_METHOD_MATCH = YES;
				"CODE_SIGN_IDENTITY[sdk=iphoneos*]" = "iPhone Developer";
				COPY_PHASE_STRIP = YES;
				ENABLE_NS_ASSERTIONS = NO;
				GCC_C_LANGUAGE_STANDARD = gnu99;
				GCC_WARN_64_TO_32_BIT_CONVERSION = YES;
				GCC_WARN_ABOUT_RETURN_TYPE = YES_ERROR;
				GCC_WARN_UNDECLARED_SELECTOR = YES;
				GCC_WARN_UNINITIALIZED_AUTOS = YES;
				GCC_WARN_UNUSED_FUNCTION = YES;
				GCC_WARN_UNUSED_VARIABLE = YES;
				IPHONEOS_DEPLOYMENT_TARGET = 7.0;
				SDKROOT = iphoneos;
				TARGETED_DEVICE_FAMILY = "1,2";
				VALIDATE_PRODUCT = YES;
			};
			name = Release;
		};
		FB933CE219AB9D9100B71A64 /* Debug */ = {
			isa = XCBuildConfiguration;
			buildSettings = {
				ASSETCATALOG_COMPILER_APPICON_NAME = AppIcon;
				ASSETCATALOG_COMPILER_LAUNCHIMAGE_NAME = LaunchImage;
				GCC_PRECOMPILE_PREFIX_HEADER = YES;
				GCC_PREFIX_HEADER = "WhatFor/WhatFor-Prefix.pch";
				INFOPLIST_FILE = "WhatFor/WhatFor-Info.plist";
				PRODUCT_NAME = "$(TARGET_NAME)";
				WRAPPER_EXTENSION = app;
			};
			name = Debug;
		};
		FB933CE319AB9D9100B71A64 /* Release */ = {
			isa = XCBuildConfiguration;
			buildSettings = {
				ASSETCATALOG_COMPILER_APPICON_NAME = AppIcon;
				ASSETCATALOG_COMPILER_LAUNCHIMAGE_NAME = LaunchImage;
				GCC_PRECOMPILE_PREFIX_HEADER = YES;
				GCC_PREFIX_HEADER = "WhatFor/WhatFor-Prefix.pch";
				INFOPLIST_FILE = "WhatFor/WhatFor-Info.plist";
				PRODUCT_NAME = "$(TARGET_NAME)";
				WRAPPER_EXTENSION = app;
			};
			name = Release;
		};
		FB933CE519AB9D9100B71A64 /* Debug */ = {
			isa = XCBuildConfiguration;
			buildSettings = {
				ARCHS = "$(ARCHS_STANDARD_INCLUDING_64_BIT)";
				BUNDLE_LOADER = "$(BUILT_PRODUCTS_DIR)/WhatFor.app/WhatFor";
				FRAMEWORK_SEARCH_PATHS = (
					"$(SDKROOT)/Developer/Library/Frameworks",
					"$(inherited)",
					"$(DEVELOPER_FRAMEWORKS_DIR)",
				);
				GCC_PRECOMPILE_PREFIX_HEADER = YES;
				GCC_PREFIX_HEADER = "WhatFor/WhatFor-Prefix.pch";
				GCC_PREPROCESSOR_DEFINITIONS = (
					"DEBUG=1",
					"$(inherited)",
				);
				INFOPLIST_FILE = "WhatForTests/WhatForTests-Info.plist";
				PRODUCT_NAME = "$(TARGET_NAME)";
				TEST_HOST = "$(BUNDLE_LOADER)";
				WRAPPER_EXTENSION = xctest;
			};
			name = Debug;
		};
		FB933CE619AB9D9100B71A64 /* Release */ = {
			isa = XCBuildConfiguration;
			buildSettings = {
				ARCHS = "$(ARCHS_STANDARD_INCLUDING_64_BIT)";
				BUNDLE_LOADER = "$(BUILT_PRODUCTS_DIR)/WhatFor.app/WhatFor";
				FRAMEWORK_SEARCH_PATHS = (
					"$(SDKROOT)/Developer/Library/Frameworks",
					"$(inherited)",
					"$(DEVELOPER_FRAMEWORKS_DIR)",
				);
				GCC_PRECOMPILE_PREFIX_HEADER = YES;
				GCC_PREFIX_HEADER = "WhatFor/WhatFor-Prefix.pch";
				INFOPLIST_FILE = "WhatForTests/WhatForTests-Info.plist";
				PRODUCT_NAME = "$(TARGET_NAME)";
				TEST_HOST = "$(BUNDLE_LOADER)";
				WRAPPER_EXTENSION = xctest;
			};
			name = Release;
		};
/* End XCBuildConfiguration section */

/* Begin XCConfigurationList section */
		FB1330E119C0D063000D4218 /* Build configuration list for PBXNativeTarget "Acceptance Tests" */ = {
			isa = XCConfigurationList;
			buildConfigurations = (
				FB1330DF19C0D063000D4218 /* Debug */,
				FB1330E019C0D063000D4218 /* Release */,
			);
			defaultConfigurationIsVisible = 0;
			defaultConfigurationName = Release;
		};
		FB933CAA19AB9D9100B71A64 /* Build configuration list for PBXProject "WhatFor" */ = {
			isa = XCConfigurationList;
			buildConfigurations = (
				FB933CDF19AB9D9100B71A64 /* Debug */,
				FB933CE019AB9D9100B71A64 /* Release */,
			);
			defaultConfigurationIsVisible = 0;
			defaultConfigurationName = Release;
		};
		FB933CE119AB9D9100B71A64 /* Build configuration list for PBXNativeTarget "WhatFor" */ = {
			isa = XCConfigurationList;
			buildConfigurations = (
				FB933CE219AB9D9100B71A64 /* Debug */,
				FB933CE319AB9D9100B71A64 /* Release */,
			);
			defaultConfigurationIsVisible = 0;
			defaultConfigurationName = Release;
		};
		FB933CE419AB9D9100B71A64 /* Build configuration list for PBXNativeTarget "WhatForTests" */ = {
			isa = XCConfigurationList;
			buildConfigurations = (
				FB933CE519AB9D9100B71A64 /* Debug */,
				FB933CE619AB9D9100B71A64 /* Release */,
			);
			defaultConfigurationIsVisible = 0;
			defaultConfigurationName = Release;
		};
/* End XCConfigurationList section */

/* Begin XCVersionGroup section */
		FBD4DE1019ACEAD500A4686F /* WhatFor.xcdatamodeld */ = {
			isa = XCVersionGroup;
			children = (
				FBD4DE1119ACEAD500A4686F /* WhatFor.xcdatamodel */,
			);
			currentVersion = FBD4DE1119ACEAD500A4686F /* WhatFor.xcdatamodel */;
			path = WhatFor.xcdatamodeld;
			sourceTree = "<group>";
			versionGroupType = wrapper.xcdatamodel;
		};
/* End XCVersionGroup section */
	};
	rootObject = FB933CA719AB9D9100B71A64 /* Project object */;
}
