// !$*UTF8*$!
{
	archiveVersion = 1;
	classes = {
	};
	objectVersion = 46;
	objects = {

/* Begin PBXBuildFile section */
		FB69EC8019ABA2C4005BA0EB /* iPhone.storyboard in Resources */ = {isa = PBXBuildFile; fileRef = FB69EC7F19ABA2C4005BA0EB /* iPhone.storyboard */; };
		FB933CB319AB9D9100B71A64 /* Foundation.framework in Frameworks */ = {isa = PBXBuildFile; fileRef = FB933CB219AB9D9100B71A64 /* Foundation.framework */; };
		FB933CB519AB9D9100B71A64 /* CoreGraphics.framework in Frameworks */ = {isa = PBXBuildFile; fileRef = FB933CB419AB9D9100B71A64 /* CoreGraphics.framework */; };
		FB933CB719AB9D9100B71A64 /* UIKit.framework in Frameworks */ = {isa = PBXBuildFile; fileRef = FB933CB619AB9D9100B71A64 /* UIKit.framework */; };
		FB933CB919AB9D9100B71A64 /* CoreData.framework in Frameworks */ = {isa = PBXBuildFile; fileRef = FB933CB819AB9D9100B71A64 /* CoreData.framework */; };
		FB933CBF19AB9D9100B71A64 /* InfoPlist.strings in Resources */ = {isa = PBXBuildFile; fileRef = FB933CBD19AB9D9100B71A64 /* InfoPlist.strings */; };
		FB933CC119AB9D9100B71A64 /* main.m in Sources */ = {isa = PBXBuildFile; fileRef = FB933CC019AB9D9100B71A64 /* main.m */; };
		FB933CC519AB9D9100B71A64 /* RZAppDelegate.m in Sources */ = {isa = PBXBuildFile; fileRef = FB933CC419AB9D9100B71A64 /* RZAppDelegate.m */; };
		FB933CCA19AB9D9100B71A64 /* Images.xcassets in Resources */ = {isa = PBXBuildFile; fileRef = FB933CC919AB9D9100B71A64 /* Images.xcassets */; };
		FB933CD119AB9D9100B71A64 /* XCTest.framework in Frameworks */ = {isa = PBXBuildFile; fileRef = FB933CD019AB9D9100B71A64 /* XCTest.framework */; };
		FB933CD219AB9D9100B71A64 /* Foundation.framework in Frameworks */ = {isa = PBXBuildFile; fileRef = FB933CB219AB9D9100B71A64 /* Foundation.framework */; };
		FB933CD319AB9D9100B71A64 /* UIKit.framework in Frameworks */ = {isa = PBXBuildFile; fileRef = FB933CB619AB9D9100B71A64 /* UIKit.framework */; };
		FB933CD419AB9D9100B71A64 /* CoreData.framework in Frameworks */ = {isa = PBXBuildFile; fileRef = FB933CB819AB9D9100B71A64 /* CoreData.framework */; };
		FB933CDC19AB9D9100B71A64 /* InfoPlist.strings in Resources */ = {isa = PBXBuildFile; fileRef = FB933CDA19AB9D9100B71A64 /* InfoPlist.strings */; };
		FB933CDE19AB9D9100B71A64 /* WhatForTests.m in Sources */ = {isa = PBXBuildFile; fileRef = FB933CDD19AB9D9100B71A64 /* WhatForTests.m */; };
		FBD4DDEA19ACD5A700A4686F /* RZCoreDataRepository.m in Sources */ = {isa = PBXBuildFile; fileRef = FBD4DDE919ACD5A700A4686F /* RZCoreDataRepository.m */; };
		FBD4DDEB19ACD5A700A4686F /* RZCoreDataRepository.m in Sources */ = {isa = PBXBuildFile; fileRef = FBD4DDE919ACD5A700A4686F /* RZCoreDataRepository.m */; };
		FBD4DDEE19ACD95400A4686F /* RZTestingRepository.m in Sources */ = {isa = PBXBuildFile; fileRef = FBD4DDED19ACD95400A4686F /* RZTestingRepository.m */; };
		FBD4DDF119ACDF5600A4686F /* RZSeedDataInserter.m in Sources */ = {isa = PBXBuildFile; fileRef = FBD4DDF019ACDF5600A4686F /* RZSeedDataInserter.m */; };
		FBD4DDF219ACDF5600A4686F /* RZSeedDataInserter.m in Sources */ = {isa = PBXBuildFile; fileRef = FBD4DDF019ACDF5600A4686F /* RZSeedDataInserter.m */; };
		FBD4DE0119ACE0E100A4686F /* Goal.m in Sources */ = {isa = PBXBuildFile; fileRef = FBD4DDFE19ACE0E100A4686F /* Goal.m */; };
		FBD4DE0219ACE0E100A4686F /* Goal.m in Sources */ = {isa = PBXBuildFile; fileRef = FBD4DDFE19ACE0E100A4686F /* Goal.m */; };
		FBD4DE0319ACE0E100A4686F /* Milestone.m in Sources */ = {isa = PBXBuildFile; fileRef = FBD4DE0019ACE0E100A4686F /* Milestone.m */; };
		FBD4DE0419ACE0E100A4686F /* Milestone.m in Sources */ = {isa = PBXBuildFile; fileRef = FBD4DE0019ACE0E100A4686F /* Milestone.m */; };
		FBD4DE0719ACE5B000A4686F /* RZCoreDataRepositoryTests.m in Sources */ = {isa = PBXBuildFile; fileRef = FBD4DE0619ACE5B000A4686F /* RZCoreDataRepositoryTests.m */; };
		FBD4DE1219ACEAD500A4686F /* WhatFor.xcdatamodeld in Sources */ = {isa = PBXBuildFile; fileRef = FBD4DE1019ACEAD500A4686F /* WhatFor.xcdatamodeld */; };
		FBD4DE1319ACEAD500A4686F /* WhatFor.xcdatamodeld in Sources */ = {isa = PBXBuildFile; fileRef = FBD4DE1019ACEAD500A4686F /* WhatFor.xcdatamodeld */; };
		FBD4DE1519ACEB8300A4686F /* RZSeedDataInserterTests.m in Sources */ = {isa = PBXBuildFile; fileRef = FBD4DE1419ACEB8300A4686F /* RZSeedDataInserterTests.m */; };
/* End PBXBuildFile section */

/* Begin PBXContainerItemProxy section */
		FB933CD519AB9D9100B71A64 /* PBXContainerItemProxy */ = {
			isa = PBXContainerItemProxy;
			containerPortal = FB933CA719AB9D9100B71A64 /* Project object */;
			proxyType = 1;
			remoteGlobalIDString = FB933CAE19AB9D9100B71A64;
			remoteInfo = WhatFor;
		};
/* End PBXContainerItemProxy section */

/* Begin PBXFileReference section */
		FB69EC7F19ABA2C4005BA0EB /* iPhone.storyboard */ = {isa = PBXFileReference; fileEncoding = 4; lastKnownFileType = file.storyboard; name = iPhone.storyboard; path = View/iPhone.storyboard; sourceTree = "<group>"; };
		FB933CAF19AB9D9100B71A64 /* WhatFor.app */ = {isa = PBXFileReference; explicitFileType = wrapper.application; includeInIndex = 0; path = WhatFor.app; sourceTree = BUILT_PRODUCTS_DIR; };
		FB933CB219AB9D9100B71A64 /* Foundation.framework */ = {isa = PBXFileReference; lastKnownFileType = wrapper.framework; name = Foundation.framework; path = System/Library/Frameworks/Foundation.framework; sourceTree = SDKROOT; };
		FB933CB419AB9D9100B71A64 /* CoreGraphics.framework */ = {isa = PBXFileReference; lastKnownFileType = wrapper.framework; name = CoreGraphics.framework; path = System/Library/Frameworks/CoreGraphics.framework; sourceTree = SDKROOT; };
		FB933CB619AB9D9100B71A64 /* UIKit.framework */ = {isa = PBXFileReference; lastKnownFileType = wrapper.framework; name = UIKit.framework; path = System/Library/Frameworks/UIKit.framework; sourceTree = SDKROOT; };
		FB933CB819AB9D9100B71A64 /* CoreData.framework */ = {isa = PBXFileReference; lastKnownFileType = wrapper.framework; name = CoreData.framework; path = System/Library/Frameworks/CoreData.framework; sourceTree = SDKROOT; };
		FB933CBC19AB9D9100B71A64 /* WhatFor-Info.plist */ = {isa = PBXFileReference; lastKnownFileType = text.plist.xml; path = "WhatFor-Info.plist"; sourceTree = "<group>"; };
		FB933CBE19AB9D9100B71A64 /* en */ = {isa = PBXFileReference; lastKnownFileType = text.plist.strings; name = en; path = en.lproj/InfoPlist.strings; sourceTree = "<group>"; };
		FB933CC019AB9D9100B71A64 /* main.m */ = {isa = PBXFileReference; lastKnownFileType = sourcecode.c.objc; path = main.m; sourceTree = "<group>"; };
		FB933CC219AB9D9100B71A64 /* WhatFor-Prefix.pch */ = {isa = PBXFileReference; lastKnownFileType = sourcecode.c.h; path = "WhatFor-Prefix.pch"; sourceTree = "<group>"; };
		FB933CC319AB9D9100B71A64 /* RZAppDelegate.h */ = {isa = PBXFileReference; lastKnownFileType = sourcecode.c.h; path = RZAppDelegate.h; sourceTree = "<group>"; };
		FB933CC419AB9D9100B71A64 /* RZAppDelegate.m */ = {isa = PBXFileReference; lastKnownFileType = sourcecode.c.objc; path = RZAppDelegate.m; sourceTree = "<group>"; };
		FB933CC919AB9D9100B71A64 /* Images.xcassets */ = {isa = PBXFileReference; lastKnownFileType = folder.assetcatalog; path = Images.xcassets; sourceTree = "<group>"; };
		FB933CCF19AB9D9100B71A64 /* WhatForTests.xctest */ = {isa = PBXFileReference; explicitFileType = wrapper.cfbundle; includeInIndex = 0; path = WhatForTests.xctest; sourceTree = BUILT_PRODUCTS_DIR; };
		FB933CD019AB9D9100B71A64 /* XCTest.framework */ = {isa = PBXFileReference; lastKnownFileType = wrapper.framework; name = XCTest.framework; path = Library/Frameworks/XCTest.framework; sourceTree = DEVELOPER_DIR; };
		FB933CD919AB9D9100B71A64 /* WhatForTests-Info.plist */ = {isa = PBXFileReference; lastKnownFileType = text.plist.xml; path = "WhatForTests-Info.plist"; sourceTree = "<group>"; };
		FB933CDB19AB9D9100B71A64 /* en */ = {isa = PBXFileReference; lastKnownFileType = text.plist.strings; name = en; path = en.lproj/InfoPlist.strings; sourceTree = "<group>"; };
		FB933CDD19AB9D9100B71A64 /* WhatForTests.m */ = {isa = PBXFileReference; lastKnownFileType = sourcecode.c.objc; path = WhatForTests.m; sourceTree = "<group>"; };
		FBD4DDE819ACD5A700A4686F /* RZCoreDataRepository.h */ = {isa = PBXFileReference; fileEncoding = 4; lastKnownFileType = sourcecode.c.h; name = RZCoreDataRepository.h; path = CoreData/RZCoreDataRepository.h; sourceTree = "<group>"; };
		FBD4DDE919ACD5A700A4686F /* RZCoreDataRepository.m */ = {isa = PBXFileReference; fileEncoding = 4; lastKnownFileType = sourcecode.c.objc; name = RZCoreDataRepository.m; path = CoreData/RZCoreDataRepository.m; sourceTree = "<group>"; };
		FBD4DDEC19ACD95400A4686F /* RZTestingRepository.h */ = {isa = PBXFileReference; fileEncoding = 4; lastKnownFileType = sourcecode.c.h; name = RZTestingRepository.h; path = CoreData/RZTestingRepository.h; sourceTree = "<group>"; };
		FBD4DDED19ACD95400A4686F /* RZTestingRepository.m */ = {isa = PBXFileReference; fileEncoding = 4; lastKnownFileType = sourcecode.c.objc; name = RZTestingRepository.m; path = CoreData/RZTestingRepository.m; sourceTree = "<group>"; };
		FBD4DDEF19ACDF5600A4686F /* RZSeedDataInserter.h */ = {isa = PBXFileReference; fileEncoding = 4; lastKnownFileType = sourcecode.c.h; name = RZSeedDataInserter.h; path = CoreData/RZSeedDataInserter.h; sourceTree = "<group>"; };
		FBD4DDF019ACDF5600A4686F /* RZSeedDataInserter.m */ = {isa = PBXFileReference; fileEncoding = 4; lastKnownFileType = sourcecode.c.objc; name = RZSeedDataInserter.m; path = CoreData/RZSeedDataInserter.m; sourceTree = "<group>"; };
		FBD4DDFD19ACE0E100A4686F /* Goal.h */ = {isa = PBXFileReference; fileEncoding = 4; lastKnownFileType = sourcecode.c.h; path = Goal.h; sourceTree = "<group>"; };
		FBD4DDFE19ACE0E100A4686F /* Goal.m */ = {isa = PBXFileReference; fileEncoding = 4; lastKnownFileType = sourcecode.c.objc; path = Goal.m; sourceTree = "<group>"; };
		FBD4DDFF19ACE0E100A4686F /* Milestone.h */ = {isa = PBXFileReference; fileEncoding = 4; lastKnownFileType = sourcecode.c.h; path = Milestone.h; sourceTree = "<group>"; };
		FBD4DE0019ACE0E100A4686F /* Milestone.m */ = {isa = PBXFileReference; fileEncoding = 4; lastKnownFileType = sourcecode.c.objc; path = Milestone.m; sourceTree = "<group>"; };
		FBD4DE0519ACE14200A4686F /* ModelHeader.h */ = {isa = PBXFileReference; fileEncoding = 4; lastKnownFileType = sourcecode.c.h; path = ModelHeader.h; sourceTree = "<group>"; };
		FBD4DE0619ACE5B000A4686F /* RZCoreDataRepositoryTests.m */ = {isa = PBXFileReference; fileEncoding = 4; lastKnownFileType = sourcecode.c.objc; name = RZCoreDataRepositoryTests.m; path = CoreData/RZCoreDataRepositoryTests.m; sourceTree = "<group>"; };
		FBD4DE1119ACEAD500A4686F /* WhatFor.xcdatamodel */ = {isa = PBXFileReference; lastKnownFileType = wrapper.xcdatamodel; path = WhatFor.xcdatamodel; sourceTree = "<group>"; };
		FBD4DE1419ACEB8300A4686F /* RZSeedDataInserterTests.m */ = {isa = PBXFileReference; fileEncoding = 4; lastKnownFileType = sourcecode.c.objc; name = RZSeedDataInserterTests.m; path = CoreData/RZSeedDataInserterTests.m; sourceTree = "<group>"; };
/* End PBXFileReference section */

/* Begin PBXFrameworksBuildPhase section */
		FB933CAC19AB9D9100B71A64 /* Frameworks */ = {
			isa = PBXFrameworksBuildPhase;
			buildActionMask = 2147483647;
			files = (
				FB933CB519AB9D9100B71A64 /* CoreGraphics.framework in Frameworks */,
				FB933CB919AB9D9100B71A64 /* CoreData.framework in Frameworks */,
				FB933CB719AB9D9100B71A64 /* UIKit.framework in Frameworks */,
				FB933CB319AB9D9100B71A64 /* Foundation.framework in Frameworks */,
			);
			runOnlyForDeploymentPostprocessing = 0;
		};
		FB933CCC19AB9D9100B71A64 /* Frameworks */ = {
			isa = PBXFrameworksBuildPhase;
			buildActionMask = 2147483647;
			files = (
				FB933CD119AB9D9100B71A64 /* XCTest.framework in Frameworks */,
				FB933CD419AB9D9100B71A64 /* CoreData.framework in Frameworks */,
				FB933CD319AB9D9100B71A64 /* UIKit.framework in Frameworks */,
				FB933CD219AB9D9100B71A64 /* Foundation.framework in Frameworks */,
			);
			runOnlyForDeploymentPostprocessing = 0;
		};
/* End PBXFrameworksBuildPhase section */

/* Begin PBXGroup section */
		FB69EC7E19ABA2A7005BA0EB /* View */ = {
			isa = PBXGroup;
			children = (
				FB69EC7F19ABA2C4005BA0EB /* iPhone.storyboard */,
			);
			name = View;
			sourceTree = "<group>";
		};
		FB933CA619AB9D9100B71A64 = {
			isa = PBXGroup;
			children = (
				FB933CBA19AB9D9100B71A64 /* WhatFor */,
				FB933CD719AB9D9100B71A64 /* WhatForTests */,
				FB933CB119AB9D9100B71A64 /* Frameworks */,
				FB933CB019AB9D9100B71A64 /* Products */,
			);
			sourceTree = "<group>";
		};
		FB933CB019AB9D9100B71A64 /* Products */ = {
			isa = PBXGroup;
			children = (
				FB933CAF19AB9D9100B71A64 /* WhatFor.app */,
				FB933CCF19AB9D9100B71A64 /* WhatForTests.xctest */,
			);
			name = Products;
			sourceTree = "<group>";
		};
		FB933CB119AB9D9100B71A64 /* Frameworks */ = {
			isa = PBXGroup;
			children = (
				FB933CB219AB9D9100B71A64 /* Foundation.framework */,
				FB933CB419AB9D9100B71A64 /* CoreGraphics.framework */,
				FB933CB619AB9D9100B71A64 /* UIKit.framework */,
				FB933CB819AB9D9100B71A64 /* CoreData.framework */,
				FB933CD019AB9D9100B71A64 /* XCTest.framework */,
			);
			name = Frameworks;
			sourceTree = "<group>";
		};
		FB933CBA19AB9D9100B71A64 /* WhatFor */ = {
			isa = PBXGroup;
			children = (
				FBD4DDDD19ACD21200A4686F /* CoreData */,
				FB69EC7E19ABA2A7005BA0EB /* View */,
				FB933CC319AB9D9100B71A64 /* RZAppDelegate.h */,
				FB933CC419AB9D9100B71A64 /* RZAppDelegate.m */,
				FB933CC919AB9D9100B71A64 /* Images.xcassets */,
				FB933CBB19AB9D9100B71A64 /* Supporting Files */,
			);
			path = WhatFor;
			sourceTree = "<group>";
		};
		FB933CBB19AB9D9100B71A64 /* Supporting Files */ = {
			isa = PBXGroup;
			children = (
				FB933CBC19AB9D9100B71A64 /* WhatFor-Info.plist */,
				FB933CBD19AB9D9100B71A64 /* InfoPlist.strings */,
				FB933CC019AB9D9100B71A64 /* main.m */,
				FB933CC219AB9D9100B71A64 /* WhatFor-Prefix.pch */,
			);
			name = "Supporting Files";
			sourceTree = "<group>";
		};
		FB933CD719AB9D9100B71A64 /* WhatForTests */ = {
			isa = PBXGroup;
			children = (
				FBD4DDE719ACD55A00A4686F /* CoreData */,
				FB933CDD19AB9D9100B71A64 /* WhatForTests.m */,
				FB933CD819AB9D9100B71A64 /* Supporting Files */,
			);
			path = WhatForTests;
			sourceTree = "<group>";
		};
		FB933CD819AB9D9100B71A64 /* Supporting Files */ = {
			isa = PBXGroup;
			children = (
				FB933CD919AB9D9100B71A64 /* WhatForTests-Info.plist */,
				FB933CDA19AB9D9100B71A64 /* InfoPlist.strings */,
			);
			name = "Supporting Files";
			sourceTree = "<group>";
		};
		FBD4DDDD19ACD21200A4686F /* CoreData */ = {
			isa = PBXGroup;
			children = (
				FBD4DDFC19ACE0E100A4686F /* Model */,
				FBD4DDE819ACD5A700A4686F /* RZCoreDataRepository.h */,
				FBD4DDE919ACD5A700A4686F /* RZCoreDataRepository.m */,
				FBD4DDEF19ACDF5600A4686F /* RZSeedDataInserter.h */,
				FBD4DDF019ACDF5600A4686F /* RZSeedDataInserter.m */,
			);
			name = CoreData;
			sourceTree = "<group>";
		};
		FBD4DDE719ACD55A00A4686F /* CoreData */ = {
			isa = PBXGroup;
			children = (
				FBD4DDEC19ACD95400A4686F /* RZTestingRepository.h */,
				FBD4DDED19ACD95400A4686F /* RZTestingRepository.m */,
				FBD4DE0619ACE5B000A4686F /* RZCoreDataRepositoryTests.m */,
				FBD4DE1419ACEB8300A4686F /* RZSeedDataInserterTests.m */,
			);
			name = CoreData;
			sourceTree = "<group>";
		};
		FBD4DDFC19ACE0E100A4686F /* Model */ = {
			isa = PBXGroup;
			children = (
				FBD4DE1019ACEAD500A4686F /* WhatFor.xcdatamodeld */,
				FBD4DDFD19ACE0E100A4686F /* Goal.h */,
				FBD4DDFE19ACE0E100A4686F /* Goal.m */,
				FBD4DDFF19ACE0E100A4686F /* Milestone.h */,
				FBD4DE0019ACE0E100A4686F /* Milestone.m */,
				FBD4DE0519ACE14200A4686F /* ModelHeader.h */,
			);
			name = Model;
			path = CoreData/Model;
			sourceTree = "<group>";
		};
/* End PBXGroup section */

/* Begin PBXNativeTarget section */
		FB933CAE19AB9D9100B71A64 /* WhatFor */ = {
			isa = PBXNativeTarget;
			buildConfigurationList = FB933CE119AB9D9100B71A64 /* Build configuration list for PBXNativeTarget "WhatFor" */;
			buildPhases = (
				FB933CAB19AB9D9100B71A64 /* Sources */,
				FB933CAC19AB9D9100B71A64 /* Frameworks */,
				FB933CAD19AB9D9100B71A64 /* Resources */,
			);
			buildRules = (
			);
			dependencies = (
			);
			name = WhatFor;
			productName = WhatFor;
			productReference = FB933CAF19AB9D9100B71A64 /* WhatFor.app */;
			productType = "com.apple.product-type.application";
		};
		FB933CCE19AB9D9100B71A64 /* WhatForTests */ = {
			isa = PBXNativeTarget;
			buildConfigurationList = FB933CE419AB9D9100B71A64 /* Build configuration list for PBXNativeTarget "WhatForTests" */;
			buildPhases = (
				FB933CCB19AB9D9100B71A64 /* Sources */,
				FB933CCC19AB9D9100B71A64 /* Frameworks */,
				FB933CCD19AB9D9100B71A64 /* Resources */,
			);
			buildRules = (
			);
			dependencies = (
				FB933CD619AB9D9100B71A64 /* PBXTargetDependency */,
			);
			name = WhatForTests;
			productName = WhatForTests;
			productReference = FB933CCF19AB9D9100B71A64 /* WhatForTests.xctest */;
			productType = "com.apple.product-type.bundle.unit-test";
		};
/* End PBXNativeTarget section */

/* Begin PBXProject section */
		FB933CA719AB9D9100B71A64 /* Project object */ = {
			isa = PBXProject;
			attributes = {
				CLASSPREFIX = RZ;
				LastUpgradeCheck = 0500;
				ORGANIZATIONNAME = "Levous, LLC";
				TargetAttributes = {
					FB933CCE19AB9D9100B71A64 = {
						TestTargetID = FB933CAE19AB9D9100B71A64;
					};
				};
			};
			buildConfigurationList = FB933CAA19AB9D9100B71A64 /* Build configuration list for PBXProject "WhatFor" */;
			compatibilityVersion = "Xcode 3.2";
			developmentRegion = English;
			hasScannedForEncodings = 0;
			knownRegions = (
				en,
			);
			mainGroup = FB933CA619AB9D9100B71A64;
			productRefGroup = FB933CB019AB9D9100B71A64 /* Products */;
			projectDirPath = "";
			projectRoot = "";
			targets = (
				FB933CAE19AB9D9100B71A64 /* WhatFor */,
				FB933CCE19AB9D9100B71A64 /* WhatForTests */,
			);
		};
/* End PBXProject section */

/* Begin PBXResourcesBuildPhase section */
		FB933CAD19AB9D9100B71A64 /* Resources */ = {
			isa = PBXResourcesBuildPhase;
			buildActionMask = 2147483647;
			files = (
				FB933CBF19AB9D9100B71A64 /* InfoPlist.strings in Resources */,
				FB933CCA19AB9D9100B71A64 /* Images.xcassets in Resources */,
				FB69EC8019ABA2C4005BA0EB /* iPhone.storyboard in Resources */,
			);
			runOnlyForDeploymentPostprocessing = 0;
		};
		FB933CCD19AB9D9100B71A64 /* Resources */ = {
			isa = PBXResourcesBuildPhase;
			buildActionMask = 2147483647;
			files = (
				FB933CDC19AB9D9100B71A64 /* InfoPlist.strings in Resources */,
			);
			runOnlyForDeploymentPostprocessing = 0;
		};
/* End PBXResourcesBuildPhase section */

/* Begin PBXSourcesBuildPhase section */
		FB933CAB19AB9D9100B71A64 /* Sources */ = {
			isa = PBXSourcesBuildPhase;
			buildActionMask = 2147483647;
			files = (
				FBD4DE0119ACE0E100A4686F /* Goal.m in Sources */,
				FBD4DDEA19ACD5A700A4686F /* RZCoreDataRepository.m in Sources */,
				FBD4DDF119ACDF5600A4686F /* RZSeedDataInserter.m in Sources */,
				FBD4DE1219ACEAD500A4686F /* WhatFor.xcdatamodeld in Sources */,
				FBD4DE0319ACE0E100A4686F /* Milestone.m in Sources */,
				FB933CC519AB9D9100B71A64 /* RZAppDelegate.m in Sources */,
				FB933CC119AB9D9100B71A64 /* main.m in Sources */,
			);
			runOnlyForDeploymentPostprocessing = 0;
		};
		FB933CCB19AB9D9100B71A64 /* Sources */ = {
			isa = PBXSourcesBuildPhase;
			buildActionMask = 2147483647;
			files = (
				FBD4DE0719ACE5B000A4686F /* RZCoreDataRepositoryTests.m in Sources */,
				FBD4DE0219ACE0E100A4686F /* Goal.m in Sources */,
				FB933CDE19AB9D9100B71A64 /* WhatForTests.m in Sources */,
				FBD4DDEB19ACD5A700A4686F /* RZCoreDataRepository.m in Sources */,
				FBD4DE0419ACE0E100A4686F /* Milestone.m in Sources */,
				FBD4DDF219ACDF5600A4686F /* RZSeedDataInserter.m in Sources */,
				FBD4DDEE19ACD95400A4686F /* RZTestingRepository.m in Sources */,
				FBD4DE1319ACEAD500A4686F /* WhatFor.xcdatamodeld in Sources */,
				FBD4DE1519ACEB8300A4686F /* RZSeedDataInserterTests.m in Sources */,
			);
			runOnlyForDeploymentPostprocessing = 0;
		};
/* End PBXSourcesBuildPhase section */

/* Begin PBXTargetDependency section */
		FB933CD619AB9D9100B71A64 /* PBXTargetDependency */ = {
			isa = PBXTargetDependency;
			target = FB933CAE19AB9D9100B71A64 /* WhatFor */;
			targetProxy = FB933CD519AB9D9100B71A64 /* PBXContainerItemProxy */;
		};
/* End PBXTargetDependency section */

/* Begin PBXVariantGroup section */
		FB933CBD19AB9D9100B71A64 /* InfoPlist.strings */ = {
			isa = PBXVariantGroup;
			children = (
				FB933CBE19AB9D9100B71A64 /* en */,
			);
			name = InfoPlist.strings;
			sourceTree = "<group>";
		};
		FB933CDA19AB9D9100B71A64 /* InfoPlist.strings */ = {
			isa = PBXVariantGroup;
			children = (
				FB933CDB19AB9D9100B71A64 /* en */,
			);
			name = InfoPlist.strings;
			sourceTree = "<group>";
		};
/* End PBXVariantGroup section */

/* Begin XCBuildConfiguration section */
		FB933CDF19AB9D9100B71A64 /* Debug */ = {
			isa = XCBuildConfiguration;
			buildSettings = {
				ALWAYS_SEARCH_USER_PATHS = NO;
				ARCHS = "$(ARCHS_STANDARD_INCLUDING_64_BIT)";
				CLANG_CXX_LANGUAGE_STANDARD = "gnu++0x";
				CLANG_CXX_LIBRARY = "libc++";
				CLANG_ENABLE_MODULES = YES;
				CLANG_ENABLE_OBJC_ARC = YES;
				CLANG_WARN_BOOL_CONVERSION = YES;
				CLANG_WARN_CONSTANT_CONVERSION = YES;
				CLANG_WARN_DIRECT_OBJC_ISA_USAGE = YES_ERROR;
				CLANG_WARN_EMPTY_BODY = YES;
				CLANG_WARN_ENUM_CONVERSION = YES;
				CLANG_WARN_INT_CONVERSION = YES;
				CLANG_WARN_OBJC_ROOT_CLASS = YES_ERROR;
				CLANG_WARN__DUPLICATE_METHOD_MATCH = YES;
				"CODE_SIGN_IDENTITY[sdk=iphoneos*]" = "iPhone Developer";
				COPY_PHASE_STRIP = NO;
				GCC_C_LANGUAGE_STANDARD = gnu99;
				GCC_DYNAMIC_NO_PIC = NO;
				GCC_OPTIMIZATION_LEVEL = 0;
				GCC_PREPROCESSOR_DEFINITIONS = (
					"DEBUG=1",
					"$(inherited)",
				);
				GCC_SYMBOLS_PRIVATE_EXTERN = NO;
				GCC_WARN_64_TO_32_BIT_CONVERSION = YES;
				GCC_WARN_ABOUT_RETURN_TYPE = YES_ERROR;
				GCC_WARN_UNDECLARED_SELECTOR = YES;
				GCC_WARN_UNINITIALIZED_AUTOS = YES;
				GCC_WARN_UNUSED_FUNCTION = YES;
				GCC_WARN_UNUSED_VARIABLE = YES;
				IPHONEOS_DEPLOYMENT_TARGET = 7.0;
				ONLY_ACTIVE_ARCH = YES;
				SDKROOT = iphoneos;
				TARGETED_DEVICE_FAMILY = "1,2";
			};
			name = Debug;
		};
		FB933CE019AB9D9100B71A64 /* Release */ = {
			isa = XCBuildConfiguration;
			buildSettings = {
				ALWAYS_SEARCH_USER_PATHS = NO;
				ARCHS = "$(ARCHS_STANDARD_INCLUDING_64_BIT)";
				CLANG_CXX_LANGUAGE_STANDARD = "gnu++0x";
				CLANG_CXX_LIBRARY = "libc++";
				CLANG_ENABLE_MODULES = YES;
				CLANG_ENABLE_OBJC_ARC = YES;
				CLANG_WARN_BOOL_CONVERSION = YES;
				CLANG_WARN_CONSTANT_CONVERSION = YES;
				CLANG_WARN_DIRECT_OBJC_ISA_USAGE = YES_ERROR;
				CLANG_WARN_EMPTY_BODY = YES;
				CLANG_WARN_ENUM_CONVERSION = YES;
				CLANG_WARN_INT_CONVERSION = YES;
				CLANG_WARN_OBJC_ROOT_CLASS = YES_ERROR;
				CLANG_WARN__DUPLICATE_METHOD_MATCH = YES;
				"CODE_SIGN_IDENTITY[sdk=iphoneos*]" = "iPhone Developer";
				COPY_PHASE_STRIP = YES;
				ENABLE_NS_ASSERTIONS = NO;
				GCC_C_LANGUAGE_STANDARD = gnu99;
				GCC_WARN_64_TO_32_BIT_CONVERSION = YES;
				GCC_WARN_ABOUT_RETURN_TYPE = YES_ERROR;
				GCC_WARN_UNDECLARED_SELECTOR = YES;
				GCC_WARN_UNINITIALIZED_AUTOS = YES;
				GCC_WARN_UNUSED_FUNCTION = YES;
				GCC_WARN_UNUSED_VARIABLE = YES;
				IPHONEOS_DEPLOYMENT_TARGET = 7.0;
				SDKROOT = iphoneos;
				TARGETED_DEVICE_FAMILY = "1,2";
				VALIDATE_PRODUCT = YES;
			};
			name = Release;
		};
		FB933CE219AB9D9100B71A64 /* Debug */ = {
			isa = XCBuildConfiguration;
			buildSettings = {
				ASSETCATALOG_COMPILER_APPICON_NAME = AppIcon;
				ASSETCATALOG_COMPILER_LAUNCHIMAGE_NAME = LaunchImage;
				GCC_PRECOMPILE_PREFIX_HEADER = YES;
				GCC_PREFIX_HEADER = "WhatFor/WhatFor-Prefix.pch";
				INFOPLIST_FILE = "WhatFor/WhatFor-Info.plist";
				PRODUCT_NAME = "$(TARGET_NAME)";
				WRAPPER_EXTENSION = app;
			};
			name = Debug;
		};
		FB933CE319AB9D9100B71A64 /* Release */ = {
			isa = XCBuildConfiguration;
			buildSettings = {
				ASSETCATALOG_COMPILER_APPICON_NAME = AppIcon;
				ASSETCATALOG_COMPILER_LAUNCHIMAGE_NAME = LaunchImage;
				GCC_PRECOMPILE_PREFIX_HEADER = YES;
				GCC_PREFIX_HEADER = "WhatFor/WhatFor-Prefix.pch";
				INFOPLIST_FILE = "WhatFor/WhatFor-Info.plist";
				PRODUCT_NAME = "$(TARGET_NAME)";
				WRAPPER_EXTENSION = app;
			};
			name = Release;
		};
		FB933CE519AB9D9100B71A64 /* Debug */ = {
			isa = XCBuildConfiguration;
			buildSettings = {
				ARCHS = "$(ARCHS_STANDARD_INCLUDING_64_BIT)";
				BUNDLE_LOADER = "$(BUILT_PRODUCTS_DIR)/WhatFor.app/WhatFor";
				FRAMEWORK_SEARCH_PATHS = (
					"$(SDKROOT)/Developer/Library/Frameworks",
					"$(inherited)",
					"$(DEVELOPER_FRAMEWORKS_DIR)",
				);
				GCC_PRECOMPILE_PREFIX_HEADER = YES;
				GCC_PREFIX_HEADER = "WhatFor/WhatFor-Prefix.pch";
				GCC_PREPROCESSOR_DEFINITIONS = (
					"DEBUG=1",
					"$(inherited)",
				);
				INFOPLIST_FILE = "WhatForTests/WhatForTests-Info.plist";
				PRODUCT_NAME = "$(TARGET_NAME)";
				TEST_HOST = "$(BUNDLE_LOADER)";
				WRAPPER_EXTENSION = xctest;
			};
			name = Debug;
		};
		FB933CE619AB9D9100B71A64 /* Release */ = {
			isa = XCBuildConfiguration;
			buildSettings = {
				ARCHS = "$(ARCHS_STANDARD_INCLUDING_64_BIT)";
				BUNDLE_LOADER = "$(BUILT_PRODUCTS_DIR)/WhatFor.app/WhatFor";
				FRAMEWORK_SEARCH_PATHS = (
					"$(SDKROOT)/Developer/Library/Frameworks",
					"$(inherited)",
					"$(DEVELOPER_FRAMEWORKS_DIR)",
				);
				GCC_PRECOMPILE_PREFIX_HEADER = YES;
				GCC_PREFIX_HEADER = "WhatFor/WhatFor-Prefix.pch";
				INFOPLIST_FILE = "WhatForTests/WhatForTests-Info.plist";
				PRODUCT_NAME = "$(TARGET_NAME)";
				TEST_HOST = "$(BUNDLE_LOADER)";
				WRAPPER_EXTENSION = xctest;
			};
			name = Release;
		};
/* End XCBuildConfiguration section */

/* Begin XCConfigurationList section */
		FB933CAA19AB9D9100B71A64 /* Build configuration list for PBXProject "WhatFor" */ = {
			isa = XCConfigurationList;
			buildConfigurations = (
				FB933CDF19AB9D9100B71A64 /* Debug */,
				FB933CE019AB9D9100B71A64 /* Release */,
			);
			defaultConfigurationIsVisible = 0;
			defaultConfigurationName = Release;
		};
		FB933CE119AB9D9100B71A64 /* Build configuration list for PBXNativeTarget "WhatFor" */ = {
			isa = XCConfigurationList;
			buildConfigurations = (
				FB933CE219AB9D9100B71A64 /* Debug */,
				FB933CE319AB9D9100B71A64 /* Release */,
			);
			defaultConfigurationIsVisible = 0;
			defaultConfigurationName = Release;
		};
		FB933CE419AB9D9100B71A64 /* Build configuration list for PBXNativeTarget "WhatForTests" */ = {
			isa = XCConfigurationList;
			buildConfigurations = (
				FB933CE519AB9D9100B71A64 /* Debug */,
				FB933CE619AB9D9100B71A64 /* Release */,
			);
			defaultConfigurationIsVisible = 0;
			defaultConfigurationName = Release;
		};
/* End XCConfigurationList section */

/* Begin XCVersionGroup section */
		FBD4DE1019ACEAD500A4686F /* WhatFor.xcdatamodeld */ = {
			isa = XCVersionGroup;
			children = (
				FBD4DE1119ACEAD500A4686F /* WhatFor.xcdatamodel */,
			);
			currentVersion = FBD4DE1119ACEAD500A4686F /* WhatFor.xcdatamodel */;
			path = WhatFor.xcdatamodeld;
			sourceTree = "<group>";
			versionGroupType = wrapper.xcdatamodel;
		};
/* End XCVersionGroup section */
	};
	rootObject = FB933CA719AB9D9100B71A64 /* Project object */;
}
